// !$*UTF8*$!
{
	archiveVersion = 1;
	classes = {
	};
	objectVersion = 56;
	objects = {

/* Begin PBXBuildFile section */
		300051742BC2977800A98562 /* NSDocumentProvider.swift in Sources */ = {isa = PBXBuildFile; fileRef = 300051732BC2977800A98562 /* NSDocumentProvider.swift */; };
		300051762BC2978300A98562 /* UIDocumentProvider.swift in Sources */ = {isa = PBXBuildFile; fileRef = 300051752BC2978300A98562 /* UIDocumentProvider.swift */; };
		300051792BC2CF7400A98562 /* TextModel.swift in Sources */ = {isa = PBXBuildFile; fileRef = 300051782BC2CF7400A98562 /* TextModel.swift */; };
		3000517C2BC2CFA100A98562 /* TextModelService.swift in Sources */ = {isa = PBXBuildFile; fileRef = 3000517B2BC2CFA100A98562 /* TextModelService.swift */; };
		3013D3E02BAA9AFD009E2EC0 /* RecentProjectsListView.swift in Sources */ = {isa = PBXBuildFile; fileRef = 3013D3DA2BAA9AFC009E2EC0 /* RecentProjectsListView.swift */; };
		3013D3E22BAA9AFD009E2EC0 /* WelcomeScene.swift in Sources */ = {isa = PBXBuildFile; fileRef = 3013D3DC2BAA9AFD009E2EC0 /* WelcomeScene.swift */; };
		3013D3E32BAA9AFD009E2EC0 /* WelcomeWindowView.swift in Sources */ = {isa = PBXBuildFile; fileRef = 3013D3DD2BAA9AFD009E2EC0 /* WelcomeWindowView.swift */; };
		3013D3E42BAA9AFD009E2EC0 /* WelcomeActionView.swift in Sources */ = {isa = PBXBuildFile; fileRef = 3013D3DE2BAA9AFD009E2EC0 /* WelcomeActionView.swift */; };
		3013D3E52BAA9AFD009E2EC0 /* RecentProjectItem.swift in Sources */ = {isa = PBXBuildFile; fileRef = 3013D3DF2BAA9AFD009E2EC0 /* RecentProjectItem.swift */; };
		3013D3E92BAA9D7F009E2EC0 /* SceneID.swift in Sources */ = {isa = PBXBuildFile; fileRef = 3013D3E82BAA9D7F009E2EC0 /* SceneID.swift */; };
		3013D3EC2BABAE56009E2EC0 /* PasteboardService.swift in Sources */ = {isa = PBXBuildFile; fileRef = 3013D3EB2BABAE56009E2EC0 /* PasteboardService.swift */; };
		3013D3EF2BABB16C009E2EC0 /* UIPasteboardProvider.swift in Sources */ = {isa = PBXBuildFile; fileRef = 3013D3EE2BABB16C009E2EC0 /* UIPasteboardProvider.swift */; };
		3013D3F12BABB27E009E2EC0 /* NSPasteboardProvider.swift in Sources */ = {isa = PBXBuildFile; fileRef = 3013D3F02BABB27E009E2EC0 /* NSPasteboardProvider.swift */; };
		3013D3F42BABBE3F009E2EC0 /* ServiceTypes.swift in Sources */ = {isa = PBXBuildFile; fileRef = 3013D3F32BABBE3F009E2EC0 /* ServiceTypes.swift */; };
		3013D3F62BABBE5E009E2EC0 /* ServiceContainer.swift in Sources */ = {isa = PBXBuildFile; fileRef = 3013D3F52BABBE5E009E2EC0 /* ServiceContainer.swift */; };
		3013D3F82BABBEAB009E2EC0 /* ServiceWrapper.swift in Sources */ = {isa = PBXBuildFile; fileRef = 3013D3F72BABBEAB009E2EC0 /* ServiceWrapper.swift */; };
		3013D3FA2BABBF03009E2EC0 /* App.swift in Sources */ = {isa = PBXBuildFile; fileRef = 3013D3F92BABBF03009E2EC0 /* App.swift */; };
		3013D4012BAC7E73009E2EC0 /* Bundle+Info.swift in Sources */ = {isa = PBXBuildFile; fileRef = 3013D4002BAC7E73009E2EC0 /* Bundle+Info.swift */; };
		3013D4042BACA224009E2EC0 /* NSApp+openWindow.swift in Sources */ = {isa = PBXBuildFile; fileRef = 3013D4032BACA224009E2EC0 /* NSApp+openWindow.swift */; };
		3013D4072BACA3B7009E2EC0 /* EffectView.swift in Sources */ = {isa = PBXBuildFile; fileRef = 3013D4062BACA3B7009E2EC0 /* EffectView.swift */; };
		3013D4092BACAA25009E2EC0 /* WelcomeView.swift in Sources */ = {isa = PBXBuildFile; fileRef = 3013D4082BACAA25009E2EC0 /* WelcomeView.swift */; };
		3013D40C2BACB0A7009E2EC0 /* DocumentService.swift in Sources */ = {isa = PBXBuildFile; fileRef = 3013D40B2BACB0A7009E2EC0 /* DocumentService.swift */; };
		3013D4132BACF361009E2EC0 /* Alpha.xcconfig in Resources */ = {isa = PBXBuildFile; fileRef = 3013D40D2BACF361009E2EC0 /* Alpha.xcconfig */; };
		3013D4142BACF361009E2EC0 /* Beta.xcconfig in Resources */ = {isa = PBXBuildFile; fileRef = 3013D40E2BACF361009E2EC0 /* Beta.xcconfig */; };
		3013D4152BACF361009E2EC0 /* Debug.xcconfig in Resources */ = {isa = PBXBuildFile; fileRef = 3013D40F2BACF361009E2EC0 /* Debug.xcconfig */; };
		3013D4162BACF361009E2EC0 /* Pre.xcconfig in Resources */ = {isa = PBXBuildFile; fileRef = 3013D4102BACF361009E2EC0 /* Pre.xcconfig */; };
		3013D4172BACF361009E2EC0 /* Release.xcconfig in Resources */ = {isa = PBXBuildFile; fileRef = 3013D4112BACF361009E2EC0 /* Release.xcconfig */; };
		308ADD892BC5B42F003182A8 /* SceneService.swift in Sources */ = {isa = PBXBuildFile; fileRef = 308ADD882BC5B42F003182A8 /* SceneService.swift */; };
		308ADD8B2BC68F1E003182A8 /* UISceneProvider.swift in Sources */ = {isa = PBXBuildFile; fileRef = 308ADD8A2BC68F1E003182A8 /* UISceneProvider.swift */; };
		308ADD8D2BC68F8B003182A8 /* NSSceneProvider.swift in Sources */ = {isa = PBXBuildFile; fileRef = 308ADD8C2BC68F8B003182A8 /* NSSceneProvider.swift */; };
		308ADD9A2BDB91B7003182A8 /* AboutScene.swift in Sources */ = {isa = PBXBuildFile; fileRef = 308ADD992BDB91B7003182A8 /* AboutScene.swift */; };
		308ADD9C2BDB91C7003182A8 /* AboutView.swift in Sources */ = {isa = PBXBuildFile; fileRef = 308ADD9B2BDB91C7003182A8 /* AboutView.swift */; };
		308ADD9E2BDB91F7003182A8 /* AboutDefaultView.swift in Sources */ = {isa = PBXBuildFile; fileRef = 308ADD9D2BDB91F7003182A8 /* AboutDefaultView.swift */; };
		308ADDA12BDB927E003182A8 /* PlatformService.swift in Sources */ = {isa = PBXBuildFile; fileRef = 308ADDA02BDB927E003182A8 /* PlatformService.swift */; };
		308ADDA32BDB9492003182A8 /* AcknowledgementsView.swift in Sources */ = {isa = PBXBuildFile; fileRef = 308ADDA22BDB9492003182A8 /* AcknowledgementsView.swift */; };
		308ADDA52BDB95E7003182A8 /* ContributorsView.swift in Sources */ = {isa = PBXBuildFile; fileRef = 308ADDA42BDB95E7003182A8 /* ContributorsView.swift */; };
		308ADDA72BDB9608003182A8 /* Contributor.swift in Sources */ = {isa = PBXBuildFile; fileRef = 308ADDA62BDB9608003182A8 /* Contributor.swift */; };
		308ADDA92BDB9624003182A8 /* AboutDetailView.swift in Sources */ = {isa = PBXBuildFile; fileRef = 308ADDA82BDB9624003182A8 /* AboutDetailView.swift */; };
		308ADDAB2BDB9645003182A8 /* TrackableScrollView.swift in Sources */ = {isa = PBXBuildFile; fileRef = 308ADDAA2BDB9645003182A8 /* TrackableScrollView.swift */; };
		308ADDAD2BDB9685003182A8 /* AcknowledgementRowView.swift in Sources */ = {isa = PBXBuildFile; fileRef = 308ADDAC2BDB9685003182A8 /* AcknowledgementRowView.swift */; };
		308ADDAF2BDB96D7003182A8 /* AcknowledgementDependency.swift in Sources */ = {isa = PBXBuildFile; fileRef = 308ADDAE2BDB96D7003182A8 /* AcknowledgementDependency.swift */; };
		308ADDB12BDB9729003182A8 /* ContributorRowView.swift in Sources */ = {isa = PBXBuildFile; fileRef = 308ADDB02BDB9729003182A8 /* ContributorRowView.swift */; };
		308ADDB32BDB97EA003182A8 /* AcknowledgementsViewModel.swift in Sources */ = {isa = PBXBuildFile; fileRef = 308ADDB22BDB97EA003182A8 /* AcknowledgementsViewModel.swift */; };
		30B197512BE07B4A001B81F1 /* BlurButtonStyle.swift in Sources */ = {isa = PBXBuildFile; fileRef = 30B197502BE07B4A001B81F1 /* BlurButtonStyle.swift */; };
		30B197542BE0DE50001B81F1 /* SettingsScene.swift in Sources */ = {isa = PBXBuildFile; fileRef = 30B197532BE0DE50001B81F1 /* SettingsScene.swift */; };
		30B197572BE0DFA2001B81F1 /* SoftwareUpdater.swift in Sources */ = {isa = PBXBuildFile; fileRef = 30B197562BE0DFA2001B81F1 /* SoftwareUpdater.swift */; };
		30B1975A2BE0E013001B81F1 /* SettingsView.swift in Sources */ = {isa = PBXBuildFile; fileRef = 30B197592BE0E013001B81F1 /* SettingsView.swift */; };
		30B197A02BE0E1CD001B81F1 /* LocationsSettings.swift in Sources */ = {isa = PBXBuildFile; fileRef = 30B197662BE0E1CC001B81F1 /* LocationsSettings.swift */; };
		30B197A12BE0E1CD001B81F1 /* LocationsSettingsView.swift in Sources */ = {isa = PBXBuildFile; fileRef = 30B197682BE0E1CC001B81F1 /* LocationsSettingsView.swift */; };
		30B197A22BE0E1CD001B81F1 /* AccountsSettings.swift in Sources */ = {isa = PBXBuildFile; fileRef = 30B1976A2BE0E1CC001B81F1 /* AccountsSettings.swift */; };
		30B197A32BE0E1CD001B81F1 /* SourceControlAccount.swift in Sources */ = {isa = PBXBuildFile; fileRef = 30B1976B2BE0E1CC001B81F1 /* SourceControlAccount.swift */; };
		30B197A42BE0E1CD001B81F1 /* AccountSelectionView.swift in Sources */ = {isa = PBXBuildFile; fileRef = 30B1976D2BE0E1CC001B81F1 /* AccountSelectionView.swift */; };
		30B197A52BE0E1CD001B81F1 /* AccountsSettingsAccountLink.swift in Sources */ = {isa = PBXBuildFile; fileRef = 30B1976E2BE0E1CC001B81F1 /* AccountsSettingsAccountLink.swift */; };
		30B197A62BE0E1CD001B81F1 /* AccountsSettingsDetailsView.swift in Sources */ = {isa = PBXBuildFile; fileRef = 30B1976F2BE0E1CC001B81F1 /* AccountsSettingsDetailsView.swift */; };
		30B197A72BE0E1CD001B81F1 /* AccountsSettingsProviderRow.swift in Sources */ = {isa = PBXBuildFile; fileRef = 30B197702BE0E1CC001B81F1 /* AccountsSettingsProviderRow.swift */; };
		30B197A82BE0E1CD001B81F1 /* AccountsSettingsSigninView.swift in Sources */ = {isa = PBXBuildFile; fileRef = 30B197712BE0E1CC001B81F1 /* AccountsSettingsSigninView.swift */; };
		30B197A92BE0E1CD001B81F1 /* AccountsSettingsView.swift in Sources */ = {isa = PBXBuildFile; fileRef = 30B197722BE0E1CC001B81F1 /* AccountsSettingsView.swift */; };
		30B197AA2BE0E1CD001B81F1 /* CreateSSHKeyView.swift in Sources */ = {isa = PBXBuildFile; fileRef = 30B197732BE0E1CC001B81F1 /* CreateSSHKeyView.swift */; };
		30B197AB2BE0E1CD001B81F1 /* TerminalSettings.swift in Sources */ = {isa = PBXBuildFile; fileRef = 30B197752BE0E1CC001B81F1 /* TerminalSettings.swift */; };
		30B197AC2BE0E1CD001B81F1 /* TerminalSettingsView.swift in Sources */ = {isa = PBXBuildFile; fileRef = 30B197772BE0E1CC001B81F1 /* TerminalSettingsView.swift */; };
		30B197AD2BE0E1CD001B81F1 /* TextEditingSettings.swift in Sources */ = {isa = PBXBuildFile; fileRef = 30B197792BE0E1CC001B81F1 /* TextEditingSettings.swift */; };
		30B197AE2BE0E1CD001B81F1 /* TextEditingSettingsView.swift in Sources */ = {isa = PBXBuildFile; fileRef = 30B1977B2BE0E1CC001B81F1 /* TextEditingSettingsView.swift */; };
		30B197AF2BE0E1CD001B81F1 /* IgnoredFiles.swift in Sources */ = {isa = PBXBuildFile; fileRef = 30B1977D2BE0E1CC001B81F1 /* IgnoredFiles.swift */; };
		30B197B02BE0E1CD001B81F1 /* SourceControlSettings.swift in Sources */ = {isa = PBXBuildFile; fileRef = 30B1977E2BE0E1CC001B81F1 /* SourceControlSettings.swift */; };
		30B197B12BE0E1CD001B81F1 /* SourceControlGeneralView.swift in Sources */ = {isa = PBXBuildFile; fileRef = 30B197802BE0E1CC001B81F1 /* SourceControlGeneralView.swift */; };
		30B197B22BE0E1CD001B81F1 /* SourceControlGitView.swift in Sources */ = {isa = PBXBuildFile; fileRef = 30B197812BE0E1CC001B81F1 /* SourceControlGitView.swift */; };
		30B197B32BE0E1CD001B81F1 /* SourceControlSettingsView.swift in Sources */ = {isa = PBXBuildFile; fileRef = 30B197822BE0E1CC001B81F1 /* SourceControlSettingsView.swift */; };
		30B197B42BE0E1CD001B81F1 /* Theme.swift in Sources */ = {isa = PBXBuildFile; fileRef = 30B197842BE0E1CD001B81F1 /* Theme.swift */; };
		30B197B52BE0E1CD001B81F1 /* ThemeModel.swift in Sources */ = {isa = PBXBuildFile; fileRef = 30B197852BE0E1CD001B81F1 /* ThemeModel.swift */; };
		30B197B62BE0E1CD001B81F1 /* ThemeSettings.swift in Sources */ = {isa = PBXBuildFile; fileRef = 30B197862BE0E1CD001B81F1 /* ThemeSettings.swift */; };
		30B197B72BE0E1CD001B81F1 /* ThemeSettingsColorPreview.swift in Sources */ = {isa = PBXBuildFile; fileRef = 30B197882BE0E1CD001B81F1 /* ThemeSettingsColorPreview.swift */; };
		30B197B82BE0E1CD001B81F1 /* ThemeSettingsThemeDetails.swift in Sources */ = {isa = PBXBuildFile; fileRef = 30B197892BE0E1CD001B81F1 /* ThemeSettingsThemeDetails.swift */; };
		30B197B92BE0E1CD001B81F1 /* ThemeSettingsView.swift in Sources */ = {isa = PBXBuildFile; fileRef = 30B1978A2BE0E1CD001B81F1 /* ThemeSettingsView.swift */; };
		30B197BA2BE0E1CD001B81F1 /* ThemeSettingThemeRow.swift in Sources */ = {isa = PBXBuildFile; fileRef = 30B1978B2BE0E1CD001B81F1 /* ThemeSettingThemeRow.swift */; };
		30B197BB2BE0E1CD001B81F1 /* GeneralSettings.swift in Sources */ = {isa = PBXBuildFile; fileRef = 30B1978D2BE0E1CD001B81F1 /* GeneralSettings.swift */; };
		30B197BC2BE0E1CD001B81F1 /* GeneralSettingsView.swift in Sources */ = {isa = PBXBuildFile; fileRef = 30B1978F2BE0E1CD001B81F1 /* GeneralSettingsView.swift */; };
		30B197BD2BE0E1CD001B81F1 /* View+actionBar.swift in Sources */ = {isa = PBXBuildFile; fileRef = 30B197902BE0E1CD001B81F1 /* View+actionBar.swift */; };
		30B197BE2BE0E1CD001B81F1 /* SearchSettings.swift in Sources */ = {isa = PBXBuildFile; fileRef = 30B197922BE0E1CD001B81F1 /* SearchSettings.swift */; };
		30B197BF2BE0E1CD001B81F1 /* SearchSettingsModel.swift in Sources */ = {isa = PBXBuildFile; fileRef = 30B197932BE0E1CD001B81F1 /* SearchSettingsModel.swift */; };
		30B197C02BE0E1CD001B81F1 /* IgnorePatternListItemView.swift in Sources */ = {isa = PBXBuildFile; fileRef = 30B197952BE0E1CD001B81F1 /* IgnorePatternListItemView.swift */; };
		30B197C12BE0E1CD001B81F1 /* SearchSettingsIgnoreGlobPatternItemView.swift in Sources */ = {isa = PBXBuildFile; fileRef = 30B197962BE0E1CD001B81F1 /* SearchSettingsIgnoreGlobPatternItemView.swift */; };
		30B197C22BE0E1CD001B81F1 /* SearchSettingsView.swift in Sources */ = {isa = PBXBuildFile; fileRef = 30B197972BE0E1CD001B81F1 /* SearchSettingsView.swift */; };
		30B197C32BE0E1CD001B81F1 /* KeybindingsSettings.swift in Sources */ = {isa = PBXBuildFile; fileRef = 30B197992BE0E1CD001B81F1 /* KeybindingsSettings.swift */; };
		30B197C42BE0E1CD001B81F1 /* NavigationSettings.swift in Sources */ = {isa = PBXBuildFile; fileRef = 30B1979C2BE0E1CD001B81F1 /* NavigationSettings.swift */; };
		30B197C52BE0E1CD001B81F1 /* NavigationSettingsView.swift in Sources */ = {isa = PBXBuildFile; fileRef = 30B1979E2BE0E1CD001B81F1 /* NavigationSettingsView.swift */; };
		30B197CF2BE0E2AC001B81F1 /* AppSettings.swift in Sources */ = {isa = PBXBuildFile; fileRef = 30B197C62BE0E2AC001B81F1 /* AppSettings.swift */; };
		30B197D02BE0E2AC001B81F1 /* PageAndSettings.swift in Sources */ = {isa = PBXBuildFile; fileRef = 30B197C72BE0E2AC001B81F1 /* PageAndSettings.swift */; };
		30B197D12BE0E2AC001B81F1 /* Settings.swift in Sources */ = {isa = PBXBuildFile; fileRef = 30B197C82BE0E2AC001B81F1 /* Settings.swift */; };
		30B197D22BE0E2AC001B81F1 /* SettingsData.swift in Sources */ = {isa = PBXBuildFile; fileRef = 30B197C92BE0E2AC001B81F1 /* SettingsData.swift */; };
		30B197D32BE0E2AC001B81F1 /* SettingsInjector.swift in Sources */ = {isa = PBXBuildFile; fileRef = 30B197CA2BE0E2AC001B81F1 /* SettingsInjector.swift */; };
		30B197D42BE0E2AC001B81F1 /* SettingsPage.swift in Sources */ = {isa = PBXBuildFile; fileRef = 30B197CB2BE0E2AC001B81F1 /* SettingsPage.swift */; };
		30B197D52BE0E2AC001B81F1 /* SettingsSearchResult.swift in Sources */ = {isa = PBXBuildFile; fileRef = 30B197CC2BE0E2AC001B81F1 /* SettingsSearchResult.swift */; };
		30B197D62BE0E2AC001B81F1 /* SettingsSidebarFix.swift in Sources */ = {isa = PBXBuildFile; fileRef = 30B197CD2BE0E2AC001B81F1 /* SettingsSidebarFix.swift */; };
		30B197E02BE0E2F3001B81F1 /* ExternalLink.swift in Sources */ = {isa = PBXBuildFile; fileRef = 30B197D72BE0E2F3001B81F1 /* ExternalLink.swift */; };
		30B197E12BE0E2F3001B81F1 /* MonospacedFontPicker.swift in Sources */ = {isa = PBXBuildFile; fileRef = 30B197D82BE0E2F3001B81F1 /* MonospacedFontPicker.swift */; };
		30B197E22BE0E2F3001B81F1 /* SettingsColorPicker.swift in Sources */ = {isa = PBXBuildFile; fileRef = 30B197D92BE0E2F3001B81F1 /* SettingsColorPicker.swift */; };
		30B197E32BE0E2F3001B81F1 /* SettingsForm.swift in Sources */ = {isa = PBXBuildFile; fileRef = 30B197DA2BE0E2F3001B81F1 /* SettingsForm.swift */; };
		30B197E42BE0E2F3001B81F1 /* SettingsPageView.swift in Sources */ = {isa = PBXBuildFile; fileRef = 30B197DB2BE0E2F3001B81F1 /* SettingsPageView.swift */; };
		30B197E52BE0E2F3001B81F1 /* View+ConstrainHeightToWindow.swift in Sources */ = {isa = PBXBuildFile; fileRef = 30B197DC2BE0E2F3001B81F1 /* View+ConstrainHeightToWindow.swift */; };
		30B197E62BE0E2F3001B81F1 /* View+HideSidebarToggle.swift in Sources */ = {isa = PBXBuildFile; fileRef = 30B197DD2BE0E2F3001B81F1 /* View+HideSidebarToggle.swift */; };
		30B197E72BE0E2F3001B81F1 /* View+NavigationBarBackButtonVisible.swift in Sources */ = {isa = PBXBuildFile; fileRef = 30B197DE2BE0E2F3001B81F1 /* View+NavigationBarBackButtonVisible.swift */; };
		30B197F02BE0E755001B81F1 /* IconButtonStyle.swift in Sources */ = {isa = PBXBuildFile; fileRef = 30B197EF2BE0E755001B81F1 /* IconButtonStyle.swift */; };
		30B197F42BE0E7B4001B81F1 /* Loopable.swift in Sources */ = {isa = PBXBuildFile; fileRef = 30B197F22BE0E7B4001B81F1 /* Loopable.swift */; };
		30B197F52BE0E7B4001B81F1 /* SearchableSettingsPage.swift in Sources */ = {isa = PBXBuildFile; fileRef = 30B197F32BE0E7B4001B81F1 /* SearchableSettingsPage.swift */; };
		30B197FA2BE1127D001B81F1 /* CodeEditKeychain.swift in Sources */ = {isa = PBXBuildFile; fileRef = 30B197F62BE1127D001B81F1 /* CodeEditKeychain.swift */; };
		30B197FB2BE1127D001B81F1 /* CodeEditKeychainConstants.swift in Sources */ = {isa = PBXBuildFile; fileRef = 30B197F72BE1127D001B81F1 /* CodeEditKeychainConstants.swift */; };
		30B197FC2BE1127D001B81F1 /* KeychainSwiftAccessOptions.swift in Sources */ = {isa = PBXBuildFile; fileRef = 30B197F82BE1127D001B81F1 /* KeychainSwiftAccessOptions.swift */; };
		30B197FF2BE112B5001B81F1 /* Font+Caption3.swift in Sources */ = {isa = PBXBuildFile; fileRef = 30B197FD2BE112B5001B81F1 /* Font+Caption3.swift */; };
		30B198022BE1149B001B81F1 /* Color+HEX.swift in Sources */ = {isa = PBXBuildFile; fileRef = 30B198002BE1149B001B81F1 /* Color+HEX.swift */; };
		30B198042BE11511001B81F1 /* PressActionsModifier.swift in Sources */ = {isa = PBXBuildFile; fileRef = 30B198032BE11511001B81F1 /* PressActionsModifier.swift */; };
		30B1980C2BE11566001B81F1 /* String+HighlightOccurrences.swift in Sources */ = {isa = PBXBuildFile; fileRef = 30B198052BE11566001B81F1 /* String+HighlightOccurrences.swift */; };
		30B1980D2BE11566001B81F1 /* String+Lines.swift in Sources */ = {isa = PBXBuildFile; fileRef = 30B198062BE11566001B81F1 /* String+Lines.swift */; };
		30B1980E2BE11566001B81F1 /* String+MD5.swift in Sources */ = {isa = PBXBuildFile; fileRef = 30B198072BE11566001B81F1 /* String+MD5.swift */; };
		30B1980F2BE11566001B81F1 /* String+Ranges.swift in Sources */ = {isa = PBXBuildFile; fileRef = 30B198082BE11566001B81F1 /* String+Ranges.swift */; };
		30B198102BE11566001B81F1 /* String+RemoveOccurrences.swift in Sources */ = {isa = PBXBuildFile; fileRef = 30B198092BE11566001B81F1 /* String+RemoveOccurrences.swift */; };
		30B198112BE11566001B81F1 /* String+SHA256.swift in Sources */ = {isa = PBXBuildFile; fileRef = 30B1980A2BE11566001B81F1 /* String+SHA256.swift */; };
		30D68AEA2BE1AC2100838FAA /* FileService.swift in Sources */ = {isa = PBXBuildFile; fileRef = 30D68AE92BE1AC2100838FAA /* FileService.swift */; };
		30FE9B8A2BAA74A00010FF65 /* Assets.xcassets in Resources */ = {isa = PBXBuildFile; fileRef = 30FE9B892BAA74A00010FF65 /* Assets.xcassets */; };
		30FE9B8E2BAA74A00010FF65 /* Preview Assets.xcassets in Resources */ = {isa = PBXBuildFile; fileRef = 30FE9B8D2BAA74A00010FF65 /* Preview Assets.xcassets */; };
		30FE9B972BAA75190010FF65 /* RecentProject.swift in Sources */ = {isa = PBXBuildFile; fileRef = 30FE9B962BAA75190010FF65 /* RecentProject.swift */; };
		30FE9B9A2BAA75330010FF65 /* ProjectManager.swift in Sources */ = {isa = PBXBuildFile; fileRef = 30FE9B992BAA75330010FF65 /* ProjectManager.swift */; };
/* End PBXBuildFile section */

/* Begin PBXFileReference section */
		300051732BC2977800A98562 /* NSDocumentProvider.swift */ = {isa = PBXFileReference; lastKnownFileType = sourcecode.swift; path = NSDocumentProvider.swift; sourceTree = "<group>"; };
		300051752BC2978300A98562 /* UIDocumentProvider.swift */ = {isa = PBXFileReference; lastKnownFileType = sourcecode.swift; path = UIDocumentProvider.swift; sourceTree = "<group>"; };
		300051782BC2CF7400A98562 /* TextModel.swift */ = {isa = PBXFileReference; lastKnownFileType = sourcecode.swift; path = TextModel.swift; sourceTree = "<group>"; };
		3000517B2BC2CFA100A98562 /* TextModelService.swift */ = {isa = PBXFileReference; lastKnownFileType = sourcecode.swift; path = TextModelService.swift; sourceTree = "<group>"; };
		3013D3DA2BAA9AFC009E2EC0 /* RecentProjectsListView.swift */ = {isa = PBXFileReference; fileEncoding = 4; lastKnownFileType = sourcecode.swift; path = RecentProjectsListView.swift; sourceTree = "<group>"; };
		3013D3DC2BAA9AFD009E2EC0 /* WelcomeScene.swift */ = {isa = PBXFileReference; fileEncoding = 4; lastKnownFileType = sourcecode.swift; path = WelcomeScene.swift; sourceTree = "<group>"; };
		3013D3DD2BAA9AFD009E2EC0 /* WelcomeWindowView.swift */ = {isa = PBXFileReference; fileEncoding = 4; lastKnownFileType = sourcecode.swift; path = WelcomeWindowView.swift; sourceTree = "<group>"; };
		3013D3DE2BAA9AFD009E2EC0 /* WelcomeActionView.swift */ = {isa = PBXFileReference; fileEncoding = 4; lastKnownFileType = sourcecode.swift; path = WelcomeActionView.swift; sourceTree = "<group>"; };
		3013D3DF2BAA9AFD009E2EC0 /* RecentProjectItem.swift */ = {isa = PBXFileReference; fileEncoding = 4; lastKnownFileType = sourcecode.swift; path = RecentProjectItem.swift; sourceTree = "<group>"; };
		3013D3E82BAA9D7F009E2EC0 /* SceneID.swift */ = {isa = PBXFileReference; lastKnownFileType = sourcecode.swift; path = SceneID.swift; sourceTree = "<group>"; };
		3013D3EB2BABAE56009E2EC0 /* PasteboardService.swift */ = {isa = PBXFileReference; lastKnownFileType = sourcecode.swift; path = PasteboardService.swift; sourceTree = "<group>"; };
		3013D3EE2BABB16C009E2EC0 /* UIPasteboardProvider.swift */ = {isa = PBXFileReference; lastKnownFileType = sourcecode.swift; path = UIPasteboardProvider.swift; sourceTree = "<group>"; };
		3013D3F02BABB27E009E2EC0 /* NSPasteboardProvider.swift */ = {isa = PBXFileReference; lastKnownFileType = sourcecode.swift; path = NSPasteboardProvider.swift; sourceTree = "<group>"; };
		3013D3F32BABBE3F009E2EC0 /* ServiceTypes.swift */ = {isa = PBXFileReference; lastKnownFileType = sourcecode.swift; path = ServiceTypes.swift; sourceTree = "<group>"; };
		3013D3F52BABBE5E009E2EC0 /* ServiceContainer.swift */ = {isa = PBXFileReference; lastKnownFileType = sourcecode.swift; path = ServiceContainer.swift; sourceTree = "<group>"; };
		3013D3F72BABBEAB009E2EC0 /* ServiceWrapper.swift */ = {isa = PBXFileReference; lastKnownFileType = sourcecode.swift; path = ServiceWrapper.swift; sourceTree = "<group>"; };
		3013D3F92BABBF03009E2EC0 /* App.swift */ = {isa = PBXFileReference; lastKnownFileType = sourcecode.swift; path = App.swift; sourceTree = "<group>"; };
		3013D4002BAC7E73009E2EC0 /* Bundle+Info.swift */ = {isa = PBXFileReference; lastKnownFileType = sourcecode.swift; path = "Bundle+Info.swift"; sourceTree = "<group>"; };
		3013D4032BACA224009E2EC0 /* NSApp+openWindow.swift */ = {isa = PBXFileReference; lastKnownFileType = sourcecode.swift; path = "NSApp+openWindow.swift"; sourceTree = "<group>"; };
		3013D4062BACA3B7009E2EC0 /* EffectView.swift */ = {isa = PBXFileReference; lastKnownFileType = sourcecode.swift; path = EffectView.swift; sourceTree = "<group>"; };
		3013D4082BACAA25009E2EC0 /* WelcomeView.swift */ = {isa = PBXFileReference; lastKnownFileType = sourcecode.swift; path = WelcomeView.swift; sourceTree = "<group>"; };
		3013D40B2BACB0A7009E2EC0 /* DocumentService.swift */ = {isa = PBXFileReference; lastKnownFileType = sourcecode.swift; path = DocumentService.swift; sourceTree = "<group>"; };
		3013D40D2BACF361009E2EC0 /* Alpha.xcconfig */ = {isa = PBXFileReference; fileEncoding = 4; lastKnownFileType = text.xcconfig; path = Alpha.xcconfig; sourceTree = "<group>"; };
		3013D40E2BACF361009E2EC0 /* Beta.xcconfig */ = {isa = PBXFileReference; fileEncoding = 4; lastKnownFileType = text.xcconfig; path = Beta.xcconfig; sourceTree = "<group>"; };
		3013D40F2BACF361009E2EC0 /* Debug.xcconfig */ = {isa = PBXFileReference; fileEncoding = 4; lastKnownFileType = text.xcconfig; path = Debug.xcconfig; sourceTree = "<group>"; };
		3013D4102BACF361009E2EC0 /* Pre.xcconfig */ = {isa = PBXFileReference; fileEncoding = 4; lastKnownFileType = text.xcconfig; path = Pre.xcconfig; sourceTree = "<group>"; };
		3013D4112BACF361009E2EC0 /* Release.xcconfig */ = {isa = PBXFileReference; fileEncoding = 4; lastKnownFileType = text.xcconfig; path = Release.xcconfig; sourceTree = "<group>"; };
		308ADD882BC5B42F003182A8 /* SceneService.swift */ = {isa = PBXFileReference; lastKnownFileType = sourcecode.swift; path = SceneService.swift; sourceTree = "<group>"; };
		308ADD8A2BC68F1E003182A8 /* UISceneProvider.swift */ = {isa = PBXFileReference; lastKnownFileType = sourcecode.swift; path = UISceneProvider.swift; sourceTree = "<group>"; };
		308ADD8C2BC68F8B003182A8 /* NSSceneProvider.swift */ = {isa = PBXFileReference; lastKnownFileType = sourcecode.swift; path = NSSceneProvider.swift; sourceTree = "<group>"; };
		308ADD992BDB91B7003182A8 /* AboutScene.swift */ = {isa = PBXFileReference; lastKnownFileType = sourcecode.swift; path = AboutScene.swift; sourceTree = "<group>"; };
		308ADD9B2BDB91C7003182A8 /* AboutView.swift */ = {isa = PBXFileReference; lastKnownFileType = sourcecode.swift; path = AboutView.swift; sourceTree = "<group>"; };
		308ADD9D2BDB91F7003182A8 /* AboutDefaultView.swift */ = {isa = PBXFileReference; lastKnownFileType = sourcecode.swift; path = AboutDefaultView.swift; sourceTree = "<group>"; };
		308ADDA02BDB927E003182A8 /* PlatformService.swift */ = {isa = PBXFileReference; lastKnownFileType = sourcecode.swift; path = PlatformService.swift; sourceTree = "<group>"; };
		308ADDA22BDB9492003182A8 /* AcknowledgementsView.swift */ = {isa = PBXFileReference; lastKnownFileType = sourcecode.swift; path = AcknowledgementsView.swift; sourceTree = "<group>"; };
		308ADDA42BDB95E7003182A8 /* ContributorsView.swift */ = {isa = PBXFileReference; lastKnownFileType = sourcecode.swift; path = ContributorsView.swift; sourceTree = "<group>"; };
		308ADDA62BDB9608003182A8 /* Contributor.swift */ = {isa = PBXFileReference; lastKnownFileType = sourcecode.swift; path = Contributor.swift; sourceTree = "<group>"; };
		308ADDA82BDB9624003182A8 /* AboutDetailView.swift */ = {isa = PBXFileReference; lastKnownFileType = sourcecode.swift; path = AboutDetailView.swift; sourceTree = "<group>"; };
		308ADDAA2BDB9645003182A8 /* TrackableScrollView.swift */ = {isa = PBXFileReference; lastKnownFileType = sourcecode.swift; path = TrackableScrollView.swift; sourceTree = "<group>"; };
		308ADDAC2BDB9685003182A8 /* AcknowledgementRowView.swift */ = {isa = PBXFileReference; lastKnownFileType = sourcecode.swift; path = AcknowledgementRowView.swift; sourceTree = "<group>"; };
		308ADDAE2BDB96D7003182A8 /* AcknowledgementDependency.swift */ = {isa = PBXFileReference; lastKnownFileType = sourcecode.swift; path = AcknowledgementDependency.swift; sourceTree = "<group>"; };
		308ADDB02BDB9729003182A8 /* ContributorRowView.swift */ = {isa = PBXFileReference; lastKnownFileType = sourcecode.swift; path = ContributorRowView.swift; sourceTree = "<group>"; };
		308ADDB22BDB97EA003182A8 /* AcknowledgementsViewModel.swift */ = {isa = PBXFileReference; lastKnownFileType = sourcecode.swift; path = AcknowledgementsViewModel.swift; sourceTree = "<group>"; };
		30B197502BE07B4A001B81F1 /* BlurButtonStyle.swift */ = {isa = PBXFileReference; lastKnownFileType = sourcecode.swift; path = BlurButtonStyle.swift; sourceTree = "<group>"; };
		30B197532BE0DE50001B81F1 /* SettingsScene.swift */ = {isa = PBXFileReference; lastKnownFileType = sourcecode.swift; path = SettingsScene.swift; sourceTree = "<group>"; };
		30B197562BE0DFA2001B81F1 /* SoftwareUpdater.swift */ = {isa = PBXFileReference; lastKnownFileType = sourcecode.swift; path = SoftwareUpdater.swift; sourceTree = "<group>"; };
		30B197592BE0E013001B81F1 /* SettingsView.swift */ = {isa = PBXFileReference; lastKnownFileType = sourcecode.swift; path = SettingsView.swift; sourceTree = "<group>"; };
		30B197662BE0E1CC001B81F1 /* LocationsSettings.swift */ = {isa = PBXFileReference; fileEncoding = 4; lastKnownFileType = sourcecode.swift; path = LocationsSettings.swift; sourceTree = "<group>"; };
		30B197682BE0E1CC001B81F1 /* LocationsSettingsView.swift */ = {isa = PBXFileReference; fileEncoding = 4; lastKnownFileType = sourcecode.swift; path = LocationsSettingsView.swift; sourceTree = "<group>"; };
		30B1976A2BE0E1CC001B81F1 /* AccountsSettings.swift */ = {isa = PBXFileReference; fileEncoding = 4; lastKnownFileType = sourcecode.swift; path = AccountsSettings.swift; sourceTree = "<group>"; };
		30B1976B2BE0E1CC001B81F1 /* SourceControlAccount.swift */ = {isa = PBXFileReference; fileEncoding = 4; lastKnownFileType = sourcecode.swift; path = SourceControlAccount.swift; sourceTree = "<group>"; };
		30B1976D2BE0E1CC001B81F1 /* AccountSelectionView.swift */ = {isa = PBXFileReference; fileEncoding = 4; lastKnownFileType = sourcecode.swift; path = AccountSelectionView.swift; sourceTree = "<group>"; };
		30B1976E2BE0E1CC001B81F1 /* AccountsSettingsAccountLink.swift */ = {isa = PBXFileReference; fileEncoding = 4; lastKnownFileType = sourcecode.swift; path = AccountsSettingsAccountLink.swift; sourceTree = "<group>"; };
		30B1976F2BE0E1CC001B81F1 /* AccountsSettingsDetailsView.swift */ = {isa = PBXFileReference; fileEncoding = 4; lastKnownFileType = sourcecode.swift; path = AccountsSettingsDetailsView.swift; sourceTree = "<group>"; };
		30B197702BE0E1CC001B81F1 /* AccountsSettingsProviderRow.swift */ = {isa = PBXFileReference; fileEncoding = 4; lastKnownFileType = sourcecode.swift; path = AccountsSettingsProviderRow.swift; sourceTree = "<group>"; };
		30B197712BE0E1CC001B81F1 /* AccountsSettingsSigninView.swift */ = {isa = PBXFileReference; fileEncoding = 4; lastKnownFileType = sourcecode.swift; path = AccountsSettingsSigninView.swift; sourceTree = "<group>"; };
		30B197722BE0E1CC001B81F1 /* AccountsSettingsView.swift */ = {isa = PBXFileReference; fileEncoding = 4; lastKnownFileType = sourcecode.swift; path = AccountsSettingsView.swift; sourceTree = "<group>"; };
		30B197732BE0E1CC001B81F1 /* CreateSSHKeyView.swift */ = {isa = PBXFileReference; fileEncoding = 4; lastKnownFileType = sourcecode.swift; path = CreateSSHKeyView.swift; sourceTree = "<group>"; };
		30B197752BE0E1CC001B81F1 /* TerminalSettings.swift */ = {isa = PBXFileReference; fileEncoding = 4; lastKnownFileType = sourcecode.swift; path = TerminalSettings.swift; sourceTree = "<group>"; };
		30B197772BE0E1CC001B81F1 /* TerminalSettingsView.swift */ = {isa = PBXFileReference; fileEncoding = 4; lastKnownFileType = sourcecode.swift; path = TerminalSettingsView.swift; sourceTree = "<group>"; };
		30B197792BE0E1CC001B81F1 /* TextEditingSettings.swift */ = {isa = PBXFileReference; fileEncoding = 4; lastKnownFileType = sourcecode.swift; path = TextEditingSettings.swift; sourceTree = "<group>"; };
		30B1977B2BE0E1CC001B81F1 /* TextEditingSettingsView.swift */ = {isa = PBXFileReference; fileEncoding = 4; lastKnownFileType = sourcecode.swift; path = TextEditingSettingsView.swift; sourceTree = "<group>"; };
		30B1977D2BE0E1CC001B81F1 /* IgnoredFiles.swift */ = {isa = PBXFileReference; fileEncoding = 4; lastKnownFileType = sourcecode.swift; path = IgnoredFiles.swift; sourceTree = "<group>"; };
		30B1977E2BE0E1CC001B81F1 /* SourceControlSettings.swift */ = {isa = PBXFileReference; fileEncoding = 4; lastKnownFileType = sourcecode.swift; path = SourceControlSettings.swift; sourceTree = "<group>"; };
		30B197802BE0E1CC001B81F1 /* SourceControlGeneralView.swift */ = {isa = PBXFileReference; fileEncoding = 4; lastKnownFileType = sourcecode.swift; path = SourceControlGeneralView.swift; sourceTree = "<group>"; };
		30B197812BE0E1CC001B81F1 /* SourceControlGitView.swift */ = {isa = PBXFileReference; fileEncoding = 4; lastKnownFileType = sourcecode.swift; path = SourceControlGitView.swift; sourceTree = "<group>"; };
		30B197822BE0E1CC001B81F1 /* SourceControlSettingsView.swift */ = {isa = PBXFileReference; fileEncoding = 4; lastKnownFileType = sourcecode.swift; path = SourceControlSettingsView.swift; sourceTree = "<group>"; };
		30B197842BE0E1CD001B81F1 /* Theme.swift */ = {isa = PBXFileReference; fileEncoding = 4; lastKnownFileType = sourcecode.swift; path = Theme.swift; sourceTree = "<group>"; };
		30B197852BE0E1CD001B81F1 /* ThemeModel.swift */ = {isa = PBXFileReference; fileEncoding = 4; lastKnownFileType = sourcecode.swift; path = ThemeModel.swift; sourceTree = "<group>"; };
		30B197862BE0E1CD001B81F1 /* ThemeSettings.swift */ = {isa = PBXFileReference; fileEncoding = 4; lastKnownFileType = sourcecode.swift; path = ThemeSettings.swift; sourceTree = "<group>"; };
		30B197882BE0E1CD001B81F1 /* ThemeSettingsColorPreview.swift */ = {isa = PBXFileReference; fileEncoding = 4; lastKnownFileType = sourcecode.swift; path = ThemeSettingsColorPreview.swift; sourceTree = "<group>"; };
		30B197892BE0E1CD001B81F1 /* ThemeSettingsThemeDetails.swift */ = {isa = PBXFileReference; fileEncoding = 4; lastKnownFileType = sourcecode.swift; path = ThemeSettingsThemeDetails.swift; sourceTree = "<group>"; };
		30B1978A2BE0E1CD001B81F1 /* ThemeSettingsView.swift */ = {isa = PBXFileReference; fileEncoding = 4; lastKnownFileType = sourcecode.swift; path = ThemeSettingsView.swift; sourceTree = "<group>"; };
		30B1978B2BE0E1CD001B81F1 /* ThemeSettingThemeRow.swift */ = {isa = PBXFileReference; fileEncoding = 4; lastKnownFileType = sourcecode.swift; path = ThemeSettingThemeRow.swift; sourceTree = "<group>"; };
		30B1978D2BE0E1CD001B81F1 /* GeneralSettings.swift */ = {isa = PBXFileReference; fileEncoding = 4; lastKnownFileType = sourcecode.swift; path = GeneralSettings.swift; sourceTree = "<group>"; };
		30B1978F2BE0E1CD001B81F1 /* GeneralSettingsView.swift */ = {isa = PBXFileReference; fileEncoding = 4; lastKnownFileType = sourcecode.swift; path = GeneralSettingsView.swift; sourceTree = "<group>"; };
		30B197902BE0E1CD001B81F1 /* View+actionBar.swift */ = {isa = PBXFileReference; fileEncoding = 4; lastKnownFileType = sourcecode.swift; path = "View+actionBar.swift"; sourceTree = "<group>"; };
		30B197922BE0E1CD001B81F1 /* SearchSettings.swift */ = {isa = PBXFileReference; fileEncoding = 4; lastKnownFileType = sourcecode.swift; path = SearchSettings.swift; sourceTree = "<group>"; };
		30B197932BE0E1CD001B81F1 /* SearchSettingsModel.swift */ = {isa = PBXFileReference; fileEncoding = 4; lastKnownFileType = sourcecode.swift; path = SearchSettingsModel.swift; sourceTree = "<group>"; };
		30B197952BE0E1CD001B81F1 /* IgnorePatternListItemView.swift */ = {isa = PBXFileReference; fileEncoding = 4; lastKnownFileType = sourcecode.swift; path = IgnorePatternListItemView.swift; sourceTree = "<group>"; };
		30B197962BE0E1CD001B81F1 /* SearchSettingsIgnoreGlobPatternItemView.swift */ = {isa = PBXFileReference; fileEncoding = 4; lastKnownFileType = sourcecode.swift; path = SearchSettingsIgnoreGlobPatternItemView.swift; sourceTree = "<group>"; };
		30B197972BE0E1CD001B81F1 /* SearchSettingsView.swift */ = {isa = PBXFileReference; fileEncoding = 4; lastKnownFileType = sourcecode.swift; path = SearchSettingsView.swift; sourceTree = "<group>"; };
		30B197992BE0E1CD001B81F1 /* KeybindingsSettings.swift */ = {isa = PBXFileReference; fileEncoding = 4; lastKnownFileType = sourcecode.swift; path = KeybindingsSettings.swift; sourceTree = "<group>"; };
		30B1979C2BE0E1CD001B81F1 /* NavigationSettings.swift */ = {isa = PBXFileReference; fileEncoding = 4; lastKnownFileType = sourcecode.swift; path = NavigationSettings.swift; sourceTree = "<group>"; };
		30B1979E2BE0E1CD001B81F1 /* NavigationSettingsView.swift */ = {isa = PBXFileReference; fileEncoding = 4; lastKnownFileType = sourcecode.swift; path = NavigationSettingsView.swift; sourceTree = "<group>"; };
		30B197C62BE0E2AC001B81F1 /* AppSettings.swift */ = {isa = PBXFileReference; fileEncoding = 4; lastKnownFileType = sourcecode.swift; path = AppSettings.swift; sourceTree = "<group>"; };
		30B197C72BE0E2AC001B81F1 /* PageAndSettings.swift */ = {isa = PBXFileReference; fileEncoding = 4; lastKnownFileType = sourcecode.swift; path = PageAndSettings.swift; sourceTree = "<group>"; };
		30B197C82BE0E2AC001B81F1 /* Settings.swift */ = {isa = PBXFileReference; fileEncoding = 4; lastKnownFileType = sourcecode.swift; path = Settings.swift; sourceTree = "<group>"; };
		30B197C92BE0E2AC001B81F1 /* SettingsData.swift */ = {isa = PBXFileReference; fileEncoding = 4; lastKnownFileType = sourcecode.swift; path = SettingsData.swift; sourceTree = "<group>"; };
		30B197CA2BE0E2AC001B81F1 /* SettingsInjector.swift */ = {isa = PBXFileReference; fileEncoding = 4; lastKnownFileType = sourcecode.swift; path = SettingsInjector.swift; sourceTree = "<group>"; };
		30B197CB2BE0E2AC001B81F1 /* SettingsPage.swift */ = {isa = PBXFileReference; fileEncoding = 4; lastKnownFileType = sourcecode.swift; path = SettingsPage.swift; sourceTree = "<group>"; };
		30B197CC2BE0E2AC001B81F1 /* SettingsSearchResult.swift */ = {isa = PBXFileReference; fileEncoding = 4; lastKnownFileType = sourcecode.swift; path = SettingsSearchResult.swift; sourceTree = "<group>"; };
		30B197CD2BE0E2AC001B81F1 /* SettingsSidebarFix.swift */ = {isa = PBXFileReference; fileEncoding = 4; lastKnownFileType = sourcecode.swift; path = SettingsSidebarFix.swift; sourceTree = "<group>"; };
		30B197D72BE0E2F3001B81F1 /* ExternalLink.swift */ = {isa = PBXFileReference; fileEncoding = 4; lastKnownFileType = sourcecode.swift; path = ExternalLink.swift; sourceTree = "<group>"; };
		30B197D82BE0E2F3001B81F1 /* MonospacedFontPicker.swift */ = {isa = PBXFileReference; fileEncoding = 4; lastKnownFileType = sourcecode.swift; path = MonospacedFontPicker.swift; sourceTree = "<group>"; };
		30B197D92BE0E2F3001B81F1 /* SettingsColorPicker.swift */ = {isa = PBXFileReference; fileEncoding = 4; lastKnownFileType = sourcecode.swift; path = SettingsColorPicker.swift; sourceTree = "<group>"; };
		30B197DA2BE0E2F3001B81F1 /* SettingsForm.swift */ = {isa = PBXFileReference; fileEncoding = 4; lastKnownFileType = sourcecode.swift; path = SettingsForm.swift; sourceTree = "<group>"; };
		30B197DB2BE0E2F3001B81F1 /* SettingsPageView.swift */ = {isa = PBXFileReference; fileEncoding = 4; lastKnownFileType = sourcecode.swift; path = SettingsPageView.swift; sourceTree = "<group>"; };
		30B197DC2BE0E2F3001B81F1 /* View+ConstrainHeightToWindow.swift */ = {isa = PBXFileReference; fileEncoding = 4; lastKnownFileType = sourcecode.swift; path = "View+ConstrainHeightToWindow.swift"; sourceTree = "<group>"; };
		30B197DD2BE0E2F3001B81F1 /* View+HideSidebarToggle.swift */ = {isa = PBXFileReference; fileEncoding = 4; lastKnownFileType = sourcecode.swift; path = "View+HideSidebarToggle.swift"; sourceTree = "<group>"; };
		30B197DE2BE0E2F3001B81F1 /* View+NavigationBarBackButtonVisible.swift */ = {isa = PBXFileReference; fileEncoding = 4; lastKnownFileType = sourcecode.swift; path = "View+NavigationBarBackButtonVisible.swift"; sourceTree = "<group>"; };
		30B197EF2BE0E755001B81F1 /* IconButtonStyle.swift */ = {isa = PBXFileReference; fileEncoding = 4; lastKnownFileType = sourcecode.swift; path = IconButtonStyle.swift; sourceTree = "<group>"; };
		30B197F22BE0E7B4001B81F1 /* Loopable.swift */ = {isa = PBXFileReference; fileEncoding = 4; lastKnownFileType = sourcecode.swift; path = Loopable.swift; sourceTree = "<group>"; };
		30B197F32BE0E7B4001B81F1 /* SearchableSettingsPage.swift */ = {isa = PBXFileReference; fileEncoding = 4; lastKnownFileType = sourcecode.swift; path = SearchableSettingsPage.swift; sourceTree = "<group>"; };
		30B197F62BE1127D001B81F1 /* CodeEditKeychain.swift */ = {isa = PBXFileReference; fileEncoding = 4; lastKnownFileType = sourcecode.swift; path = CodeEditKeychain.swift; sourceTree = "<group>"; };
		30B197F72BE1127D001B81F1 /* CodeEditKeychainConstants.swift */ = {isa = PBXFileReference; fileEncoding = 4; lastKnownFileType = sourcecode.swift; path = CodeEditKeychainConstants.swift; sourceTree = "<group>"; };
		30B197F82BE1127D001B81F1 /* KeychainSwiftAccessOptions.swift */ = {isa = PBXFileReference; fileEncoding = 4; lastKnownFileType = sourcecode.swift; path = KeychainSwiftAccessOptions.swift; sourceTree = "<group>"; };
		30B197FD2BE112B5001B81F1 /* Font+Caption3.swift */ = {isa = PBXFileReference; fileEncoding = 4; lastKnownFileType = sourcecode.swift; path = "Font+Caption3.swift"; sourceTree = "<group>"; };
		30B198002BE1149B001B81F1 /* Color+HEX.swift */ = {isa = PBXFileReference; fileEncoding = 4; lastKnownFileType = sourcecode.swift; path = "Color+HEX.swift"; sourceTree = "<group>"; };
		30B198032BE11511001B81F1 /* PressActionsModifier.swift */ = {isa = PBXFileReference; fileEncoding = 4; lastKnownFileType = sourcecode.swift; path = PressActionsModifier.swift; sourceTree = "<group>"; };
		30B198052BE11566001B81F1 /* String+HighlightOccurrences.swift */ = {isa = PBXFileReference; fileEncoding = 4; lastKnownFileType = sourcecode.swift; path = "String+HighlightOccurrences.swift"; sourceTree = "<group>"; };
		30B198062BE11566001B81F1 /* String+Lines.swift */ = {isa = PBXFileReference; fileEncoding = 4; lastKnownFileType = sourcecode.swift; path = "String+Lines.swift"; sourceTree = "<group>"; };
		30B198072BE11566001B81F1 /* String+MD5.swift */ = {isa = PBXFileReference; fileEncoding = 4; lastKnownFileType = sourcecode.swift; path = "String+MD5.swift"; sourceTree = "<group>"; };
		30B198082BE11566001B81F1 /* String+Ranges.swift */ = {isa = PBXFileReference; fileEncoding = 4; lastKnownFileType = sourcecode.swift; path = "String+Ranges.swift"; sourceTree = "<group>"; };
		30B198092BE11566001B81F1 /* String+RemoveOccurrences.swift */ = {isa = PBXFileReference; fileEncoding = 4; lastKnownFileType = sourcecode.swift; path = "String+RemoveOccurrences.swift"; sourceTree = "<group>"; };
		30B1980A2BE11566001B81F1 /* String+SHA256.swift */ = {isa = PBXFileReference; fileEncoding = 4; lastKnownFileType = sourcecode.swift; path = "String+SHA256.swift"; sourceTree = "<group>"; };
		30D68AE92BE1AC2100838FAA /* FileService.swift */ = {isa = PBXFileReference; lastKnownFileType = sourcecode.swift; path = FileService.swift; sourceTree = "<group>"; };
		30FE9B822BAA749F0010FF65 /* CodeEditV2.app */ = {isa = PBXFileReference; explicitFileType = wrapper.application; includeInIndex = 0; path = CodeEditV2.app; sourceTree = BUILT_PRODUCTS_DIR; };
		30FE9B892BAA74A00010FF65 /* Assets.xcassets */ = {isa = PBXFileReference; lastKnownFileType = folder.assetcatalog; path = Assets.xcassets; sourceTree = "<group>"; };
		30FE9B8B2BAA74A00010FF65 /* CodeEditV2.entitlements */ = {isa = PBXFileReference; lastKnownFileType = text.plist.entitlements; path = CodeEditV2.entitlements; sourceTree = "<group>"; };
		30FE9B8D2BAA74A00010FF65 /* Preview Assets.xcassets */ = {isa = PBXFileReference; lastKnownFileType = folder.assetcatalog; path = "Preview Assets.xcassets"; sourceTree = "<group>"; };
		30FE9B962BAA75190010FF65 /* RecentProject.swift */ = {isa = PBXFileReference; lastKnownFileType = sourcecode.swift; path = RecentProject.swift; sourceTree = "<group>"; };
		30FE9B992BAA75330010FF65 /* ProjectManager.swift */ = {isa = PBXFileReference; lastKnownFileType = sourcecode.swift; path = ProjectManager.swift; sourceTree = "<group>"; };
/* End PBXFileReference section */

/* Begin PBXFrameworksBuildPhase section */
		30FE9B7F2BAA749F0010FF65 /* Frameworks */ = {
			isa = PBXFrameworksBuildPhase;
			buildActionMask = 2147483647;
			files = (
			);
			runOnlyForDeploymentPostprocessing = 0;
		};
/* End PBXFrameworksBuildPhase section */

/* Begin PBXGroup section */
		300051772BC2C78600A98562 /* Documents */ = {
			isa = PBXGroup;
			children = (
			);
			path = Documents;
			sourceTree = "<group>";
		};
		3000517A2BC2CF8100A98562 /* TextModelService */ = {
			isa = PBXGroup;
			children = (
				3000517B2BC2CFA100A98562 /* TextModelService.swift */,
			);
			path = TextModelService;
			sourceTree = "<group>";
		};
		3013D3D52BAA8732009E2EC0 /* Web */ = {
			isa = PBXGroup;
			children = (
			);
			path = Web;
			sourceTree = "<group>";
		};
		3013D3D62BAA9861009E2EC0 /* Views */ = {
			isa = PBXGroup;
			children = (
				308ADD982BDB91AA003182A8 /* About */,
				3013D3D72BAA9868009E2EC0 /* Welcome */,
				30B197522BE0DE3A001B81F1 /* Settings */,
			);
			path = Views;
			sourceTree = "<group>";
		};
		3013D3D72BAA9868009E2EC0 /* Welcome */ = {
			isa = PBXGroup;
			children = (
				3013D3E62BAA9C08009E2EC0 /* Components */,
				3013D3DC2BAA9AFD009E2EC0 /* WelcomeScene.swift */,
			);
			path = Welcome;
			sourceTree = "<group>";
		};
		3013D3E62BAA9C08009E2EC0 /* Components */ = {
			isa = PBXGroup;
			children = (
				3013D3DF2BAA9AFD009E2EC0 /* RecentProjectItem.swift */,
				3013D3DA2BAA9AFC009E2EC0 /* RecentProjectsListView.swift */,
				3013D3DE2BAA9AFD009E2EC0 /* WelcomeActionView.swift */,
				3013D4082BACAA25009E2EC0 /* WelcomeView.swift */,
				3013D3DD2BAA9AFD009E2EC0 /* WelcomeWindowView.swift */,
			);
			path = Components;
			sourceTree = "<group>";
		};
		3013D3EA2BABAE3A009E2EC0 /* Services */ = {
			isa = PBXGroup;
			children = (
				30D68AE82BE1AC1500838FAA /* FileService */,
				308ADD9F2BDB9274003182A8 /* PlatformService */,
				3000517A2BC2CF8100A98562 /* TextModelService */,
				3013D3F22BABBE2F009E2EC0 /* DependencyInjection */,
				3013D40A2BACB08E009E2EC0 /* DocumentService */,
				3013D3ED2BABB153009E2EC0 /* PasteboardService */,
				308ADD872BC5B41F003182A8 /* SceneService */,
			);
			path = Services;
			sourceTree = "<group>";
		};
		3013D3ED2BABB153009E2EC0 /* PasteboardService */ = {
			isa = PBXGroup;
			children = (
				3013D3EB2BABAE56009E2EC0 /* PasteboardService.swift */,
				3013D3F02BABB27E009E2EC0 /* NSPasteboardProvider.swift */,
				3013D3EE2BABB16C009E2EC0 /* UIPasteboardProvider.swift */,
			);
			path = PasteboardService;
			sourceTree = "<group>";
		};
		3013D3F22BABBE2F009E2EC0 /* DependencyInjection */ = {
			isa = PBXGroup;
			children = (
				3013D3F52BABBE5E009E2EC0 /* ServiceContainer.swift */,
				3013D3F32BABBE3F009E2EC0 /* ServiceTypes.swift */,
				3013D3F72BABBEAB009E2EC0 /* ServiceWrapper.swift */,
			);
			path = DependencyInjection;
			sourceTree = "<group>";
		};
		3013D3FE2BAC7E5C009E2EC0 /* Extensions */ = {
			isa = PBXGroup;
			children = (
				3013D4022BACA212009E2EC0 /* NSApplication */,
				3013D3FF2BAC7E64009E2EC0 /* Bundle */,
				30B197FE2BE112B5001B81F1 /* Text */,
			);
			path = Extensions;
			sourceTree = "<group>";
		};
		3013D3FF2BAC7E64009E2EC0 /* Bundle */ = {
			isa = PBXGroup;
			children = (
				3013D4002BAC7E73009E2EC0 /* Bundle+Info.swift */,
			);
			path = Bundle;
			sourceTree = "<group>";
		};
		3013D4022BACA212009E2EC0 /* NSApplication */ = {
			isa = PBXGroup;
			children = (
				3013D4032BACA224009E2EC0 /* NSApp+openWindow.swift */,
			);
			path = NSApplication;
			sourceTree = "<group>";
		};
		3013D4052BACA3A8009E2EC0 /* Components */ = {
			isa = PBXGroup;
			children = (
				30B197EF2BE0E755001B81F1 /* IconButtonStyle.swift */,
				3013D4062BACA3B7009E2EC0 /* EffectView.swift */,
				30B198032BE11511001B81F1 /* PressActionsModifier.swift */,
				308ADDAA2BDB9645003182A8 /* TrackableScrollView.swift */,
			);
			path = Components;
			sourceTree = "<group>";
		};
		3013D40A2BACB08E009E2EC0 /* DocumentService */ = {
			isa = PBXGroup;
			children = (
				3013D40B2BACB0A7009E2EC0 /* DocumentService.swift */,
				300051732BC2977800A98562 /* NSDocumentProvider.swift */,
				300051752BC2978300A98562 /* UIDocumentProvider.swift */,
			);
			path = DocumentService;
			sourceTree = "<group>";
		};
		3013D4122BACF361009E2EC0 /* Configs */ = {
			isa = PBXGroup;
			children = (
				3013D40D2BACF361009E2EC0 /* Alpha.xcconfig */,
				3013D40E2BACF361009E2EC0 /* Beta.xcconfig */,
				3013D40F2BACF361009E2EC0 /* Debug.xcconfig */,
				3013D4102BACF361009E2EC0 /* Pre.xcconfig */,
				3013D4112BACF361009E2EC0 /* Release.xcconfig */,
			);
			path = Configs;
			sourceTree = "<group>";
		};
		308ADD872BC5B41F003182A8 /* SceneService */ = {
			isa = PBXGroup;
			children = (
				308ADD882BC5B42F003182A8 /* SceneService.swift */,
				308ADD8A2BC68F1E003182A8 /* UISceneProvider.swift */,
				308ADD8C2BC68F8B003182A8 /* NSSceneProvider.swift */,
			);
			path = SceneService;
			sourceTree = "<group>";
		};
		308ADD982BDB91AA003182A8 /* About */ = {
			isa = PBXGroup;
			children = (
				30B197552BE0DF3D001B81F1 /* Components */,
				308ADD992BDB91B7003182A8 /* AboutScene.swift */,
			);
			path = About;
			sourceTree = "<group>";
		};
		308ADD9F2BDB9274003182A8 /* PlatformService */ = {
			isa = PBXGroup;
			children = (
				308ADDA02BDB927E003182A8 /* PlatformService.swift */,
			);
			path = PlatformService;
			sourceTree = "<group>";
		};
		30B197522BE0DE3A001B81F1 /* Settings */ = {
			isa = PBXGroup;
			children = (
				30B197582BE0E009001B81F1 /* Components */,
				30B197CE2BE0E2AC001B81F1 /* Models */,
				30B197622BE0E143001B81F1 /* Pages */,
				30B197DF2BE0E2F3001B81F1 /* Views */,
				30B197532BE0DE50001B81F1 /* SettingsScene.swift */,
				30B197562BE0DFA2001B81F1 /* SoftwareUpdater.swift */,
			);
			path = Settings;
			sourceTree = "<group>";
		};
		30B197552BE0DF3D001B81F1 /* Components */ = {
			isa = PBXGroup;
			children = (
				308ADD9D2BDB91F7003182A8 /* AboutDefaultView.swift */,
				308ADDA82BDB9624003182A8 /* AboutDetailView.swift */,
				308ADD9B2BDB91C7003182A8 /* AboutView.swift */,
				308ADDAE2BDB96D7003182A8 /* AcknowledgementDependency.swift */,
				308ADDAC2BDB9685003182A8 /* AcknowledgementRowView.swift */,
				308ADDA22BDB9492003182A8 /* AcknowledgementsView.swift */,
				308ADDB22BDB97EA003182A8 /* AcknowledgementsViewModel.swift */,
				30B197502BE07B4A001B81F1 /* BlurButtonStyle.swift */,
				308ADDA62BDB9608003182A8 /* Contributor.swift */,
				308ADDB02BDB9729003182A8 /* ContributorRowView.swift */,
				308ADDA42BDB95E7003182A8 /* ContributorsView.swift */,
			);
			path = Components;
			sourceTree = "<group>";
		};
		30B197582BE0E009001B81F1 /* Components */ = {
			isa = PBXGroup;
			children = (
				30B197592BE0E013001B81F1 /* SettingsView.swift */,
			);
			path = Components;
			sourceTree = "<group>";
		};
		30B197622BE0E143001B81F1 /* Pages */ = {
			isa = PBXGroup;
			children = (
				30B197742BE0E1CC001B81F1 /* AccountsSettings */,
				30B197912BE0E1CD001B81F1 /* GeneralSettings */,
				30B1979B2BE0E1CD001B81F1 /* Keybindings */,
				30B197692BE0E1CC001B81F1 /* LocationsSettings */,
				30B1979F2BE0E1CD001B81F1 /* NavigationSettings */,
				30B197982BE0E1CD001B81F1 /* SearchSettings */,
				30B197832BE0E1CC001B81F1 /* SourceControlSettings */,
				30B197782BE0E1CC001B81F1 /* TerminalSettings */,
				30B1977C2BE0E1CC001B81F1 /* TextEditingSettings */,
				30B1978C2BE0E1CD001B81F1 /* ThemeSettings */,
			);
			path = Pages;
			sourceTree = "<group>";
		};
		30B197672BE0E1CC001B81F1 /* Models */ = {
			isa = PBXGroup;
			children = (
				30B197662BE0E1CC001B81F1 /* LocationsSettings.swift */,
			);
			path = Models;
			sourceTree = "<group>";
		};
		30B197692BE0E1CC001B81F1 /* LocationsSettings */ = {
			isa = PBXGroup;
			children = (
				30B197672BE0E1CC001B81F1 /* Models */,
				30B197682BE0E1CC001B81F1 /* LocationsSettingsView.swift */,
			);
			path = LocationsSettings;
			sourceTree = "<group>";
		};
		30B1976C2BE0E1CC001B81F1 /* Models */ = {
			isa = PBXGroup;
			children = (
				30B1976A2BE0E1CC001B81F1 /* AccountsSettings.swift */,
				30B1976B2BE0E1CC001B81F1 /* SourceControlAccount.swift */,
			);
			path = Models;
			sourceTree = "<group>";
		};
		30B197742BE0E1CC001B81F1 /* AccountsSettings */ = {
			isa = PBXGroup;
			children = (
				30B1976C2BE0E1CC001B81F1 /* Models */,
				30B1976D2BE0E1CC001B81F1 /* AccountSelectionView.swift */,
				30B1976E2BE0E1CC001B81F1 /* AccountsSettingsAccountLink.swift */,
				30B1976F2BE0E1CC001B81F1 /* AccountsSettingsDetailsView.swift */,
				30B197702BE0E1CC001B81F1 /* AccountsSettingsProviderRow.swift */,
				30B197712BE0E1CC001B81F1 /* AccountsSettingsSigninView.swift */,
				30B197722BE0E1CC001B81F1 /* AccountsSettingsView.swift */,
				30B197732BE0E1CC001B81F1 /* CreateSSHKeyView.swift */,
			);
			path = AccountsSettings;
			sourceTree = "<group>";
		};
		30B197762BE0E1CC001B81F1 /* Models */ = {
			isa = PBXGroup;
			children = (
				30B197752BE0E1CC001B81F1 /* TerminalSettings.swift */,
			);
			path = Models;
			sourceTree = "<group>";
		};
		30B197782BE0E1CC001B81F1 /* TerminalSettings */ = {
			isa = PBXGroup;
			children = (
				30B197762BE0E1CC001B81F1 /* Models */,
				30B197772BE0E1CC001B81F1 /* TerminalSettingsView.swift */,
			);
			path = TerminalSettings;
			sourceTree = "<group>";
		};
		30B1977A2BE0E1CC001B81F1 /* Models */ = {
			isa = PBXGroup;
			children = (
				30B197792BE0E1CC001B81F1 /* TextEditingSettings.swift */,
			);
			path = Models;
			sourceTree = "<group>";
		};
		30B1977C2BE0E1CC001B81F1 /* TextEditingSettings */ = {
			isa = PBXGroup;
			children = (
				30B1977A2BE0E1CC001B81F1 /* Models */,
				30B1977B2BE0E1CC001B81F1 /* TextEditingSettingsView.swift */,
			);
			path = TextEditingSettings;
			sourceTree = "<group>";
		};
		30B1977F2BE0E1CC001B81F1 /* Models */ = {
			isa = PBXGroup;
			children = (
				30B1977D2BE0E1CC001B81F1 /* IgnoredFiles.swift */,
				30B1977E2BE0E1CC001B81F1 /* SourceControlSettings.swift */,
			);
			path = Models;
			sourceTree = "<group>";
		};
		30B197832BE0E1CC001B81F1 /* SourceControlSettings */ = {
			isa = PBXGroup;
			children = (
				30B1977F2BE0E1CC001B81F1 /* Models */,
				30B197802BE0E1CC001B81F1 /* SourceControlGeneralView.swift */,
				30B197812BE0E1CC001B81F1 /* SourceControlGitView.swift */,
				30B197822BE0E1CC001B81F1 /* SourceControlSettingsView.swift */,
			);
			path = SourceControlSettings;
			sourceTree = "<group>";
		};
		30B197872BE0E1CD001B81F1 /* Models */ = {
			isa = PBXGroup;
			children = (
				30B197842BE0E1CD001B81F1 /* Theme.swift */,
				30B197852BE0E1CD001B81F1 /* ThemeModel.swift */,
				30B197862BE0E1CD001B81F1 /* ThemeSettings.swift */,
			);
			path = Models;
			sourceTree = "<group>";
		};
		30B1978C2BE0E1CD001B81F1 /* ThemeSettings */ = {
			isa = PBXGroup;
			children = (
				30B197872BE0E1CD001B81F1 /* Models */,
				30B197882BE0E1CD001B81F1 /* ThemeSettingsColorPreview.swift */,
				30B197892BE0E1CD001B81F1 /* ThemeSettingsThemeDetails.swift */,
				30B1978A2BE0E1CD001B81F1 /* ThemeSettingsView.swift */,
				30B1978B2BE0E1CD001B81F1 /* ThemeSettingThemeRow.swift */,
			);
			path = ThemeSettings;
			sourceTree = "<group>";
		};
		30B1978E2BE0E1CD001B81F1 /* Models */ = {
			isa = PBXGroup;
			children = (
				30B1978D2BE0E1CD001B81F1 /* GeneralSettings.swift */,
			);
			path = Models;
			sourceTree = "<group>";
		};
		30B197912BE0E1CD001B81F1 /* GeneralSettings */ = {
			isa = PBXGroup;
			children = (
				30B1978E2BE0E1CD001B81F1 /* Models */,
				30B1978F2BE0E1CD001B81F1 /* GeneralSettingsView.swift */,
				30B197902BE0E1CD001B81F1 /* View+actionBar.swift */,
			);
			path = GeneralSettings;
			sourceTree = "<group>";
		};
		30B197942BE0E1CD001B81F1 /* Models */ = {
			isa = PBXGroup;
			children = (
				30B197922BE0E1CD001B81F1 /* SearchSettings.swift */,
				30B197932BE0E1CD001B81F1 /* SearchSettingsModel.swift */,
			);
			path = Models;
			sourceTree = "<group>";
		};
		30B197982BE0E1CD001B81F1 /* SearchSettings */ = {
			isa = PBXGroup;
			children = (
				30B197942BE0E1CD001B81F1 /* Models */,
				30B197952BE0E1CD001B81F1 /* IgnorePatternListItemView.swift */,
				30B197962BE0E1CD001B81F1 /* SearchSettingsIgnoreGlobPatternItemView.swift */,
				30B197972BE0E1CD001B81F1 /* SearchSettingsView.swift */,
			);
			path = SearchSettings;
			sourceTree = "<group>";
		};
		30B1979A2BE0E1CD001B81F1 /* Models */ = {
			isa = PBXGroup;
			children = (
				30B197992BE0E1CD001B81F1 /* KeybindingsSettings.swift */,
			);
			path = Models;
			sourceTree = "<group>";
		};
		30B1979B2BE0E1CD001B81F1 /* Keybindings */ = {
			isa = PBXGroup;
			children = (
				30B1979A2BE0E1CD001B81F1 /* Models */,
			);
			path = Keybindings;
			sourceTree = "<group>";
		};
		30B1979D2BE0E1CD001B81F1 /* Models */ = {
			isa = PBXGroup;
			children = (
				30B1979C2BE0E1CD001B81F1 /* NavigationSettings.swift */,
			);
			path = Models;
			sourceTree = "<group>";
		};
		30B1979F2BE0E1CD001B81F1 /* NavigationSettings */ = {
			isa = PBXGroup;
			children = (
				30B1979D2BE0E1CD001B81F1 /* Models */,
				30B1979E2BE0E1CD001B81F1 /* NavigationSettingsView.swift */,
			);
			path = NavigationSettings;
			sourceTree = "<group>";
		};
		30B197CE2BE0E2AC001B81F1 /* Models */ = {
			isa = PBXGroup;
			children = (
				30B197C62BE0E2AC001B81F1 /* AppSettings.swift */,
				30B197C72BE0E2AC001B81F1 /* PageAndSettings.swift */,
				30B197C82BE0E2AC001B81F1 /* Settings.swift */,
				30B197C92BE0E2AC001B81F1 /* SettingsData.swift */,
				30B197CA2BE0E2AC001B81F1 /* SettingsInjector.swift */,
				30B197CB2BE0E2AC001B81F1 /* SettingsPage.swift */,
				30B197CC2BE0E2AC001B81F1 /* SettingsSearchResult.swift */,
				30B197CD2BE0E2AC001B81F1 /* SettingsSidebarFix.swift */,
			);
			path = Models;
			sourceTree = "<group>";
		};
		30B197DF2BE0E2F3001B81F1 /* Views */ = {
			isa = PBXGroup;
			children = (
				30B197D72BE0E2F3001B81F1 /* ExternalLink.swift */,
				30B197D82BE0E2F3001B81F1 /* MonospacedFontPicker.swift */,
				30B197D92BE0E2F3001B81F1 /* SettingsColorPicker.swift */,
				30B197DA2BE0E2F3001B81F1 /* SettingsForm.swift */,
				30B197DB2BE0E2F3001B81F1 /* SettingsPageView.swift */,
				30B197DC2BE0E2F3001B81F1 /* View+ConstrainHeightToWindow.swift */,
				30B197DD2BE0E2F3001B81F1 /* View+HideSidebarToggle.swift */,
				30B197DE2BE0E2F3001B81F1 /* View+NavigationBarBackButtonVisible.swift */,
			);
			path = Views;
			sourceTree = "<group>";
		};
		30B197F12BE0E791001B81F1 /* Protocols */ = {
			isa = PBXGroup;
			children = (
				30B197F22BE0E7B4001B81F1 /* Loopable.swift */,
				30B197F32BE0E7B4001B81F1 /* SearchableSettingsPage.swift */,
			);
			path = Protocols;
			sourceTree = "<group>";
		};
		30B197F92BE1127D001B81F1 /* KeyChain */ = {
			isa = PBXGroup;
			children = (
				30B197F62BE1127D001B81F1 /* CodeEditKeychain.swift */,
				30B197F72BE1127D001B81F1 /* CodeEditKeychainConstants.swift */,
				30B197F82BE1127D001B81F1 /* KeychainSwiftAccessOptions.swift */,
			);
			path = KeyChain;
			sourceTree = "<group>";
		};
		30B197FE2BE112B5001B81F1 /* Text */ = {
			isa = PBXGroup;
			children = (
				30B197FD2BE112B5001B81F1 /* Font+Caption3.swift */,
			);
			path = Text;
			sourceTree = "<group>";
		};
		30B198012BE1149B001B81F1 /* Color */ = {
			isa = PBXGroup;
			children = (
				30B198002BE1149B001B81F1 /* Color+HEX.swift */,
			);
			path = Color;
			sourceTree = "<group>";
		};
		30B1980B2BE11566001B81F1 /* String */ = {
			isa = PBXGroup;
			children = (
				30B198052BE11566001B81F1 /* String+HighlightOccurrences.swift */,
				30B198062BE11566001B81F1 /* String+Lines.swift */,
				30B198072BE11566001B81F1 /* String+MD5.swift */,
				30B198082BE11566001B81F1 /* String+Ranges.swift */,
				30B198092BE11566001B81F1 /* String+RemoveOccurrences.swift */,
				30B1980A2BE11566001B81F1 /* String+SHA256.swift */,
			);
			path = String;
			sourceTree = "<group>";
		};
		30D68AE82BE1AC1500838FAA /* FileService */ = {
			isa = PBXGroup;
			children = (
				30D68AE92BE1AC2100838FAA /* FileService.swift */,
			);
			path = FileService;
			sourceTree = "<group>";
		};
		30FE9B792BAA749F0010FF65 = {
			isa = PBXGroup;
			children = (
				30FE9B842BAA749F0010FF65 /* CodeEditV2 */,
				30FE9B832BAA749F0010FF65 /* Products */,
			);
			sourceTree = "<group>";
		};
		30FE9B832BAA749F0010FF65 /* Products */ = {
			isa = PBXGroup;
			children = (
				30FE9B822BAA749F0010FF65 /* CodeEditV2.app */,
			);
			name = Products;
			sourceTree = "<group>";
		};
		30FE9B842BAA749F0010FF65 /* CodeEditV2 */ = {
			isa = PBXGroup;
			children = (
				30FE9B942BAA74FB0010FF65 /* CodeEditShared */,
				30FE9BA22BAA75A70010FF65 /* iPadOS */,
				30FE9B9C2BAA755C0010FF65 /* macOS */,
				3013D3D52BAA8732009E2EC0 /* Web */,
				3013D3F92BABBF03009E2EC0 /* App.swift */,
				30FE9B892BAA74A00010FF65 /* Assets.xcassets */,
				30FE9B8B2BAA74A00010FF65 /* CodeEditV2.entitlements */,
				3013D4122BACF361009E2EC0 /* Configs */,
				30FE9B8C2BAA74A00010FF65 /* Preview Content */,
			);
			path = CodeEditV2;
			sourceTree = "<group>";
		};
		30FE9B8C2BAA74A00010FF65 /* Preview Content */ = {
			isa = PBXGroup;
			children = (
				30FE9B8D2BAA74A00010FF65 /* Preview Assets.xcassets */,
			);
			path = "Preview Content";
			sourceTree = "<group>";
		};
		30FE9B942BAA74FB0010FF65 /* CodeEditShared */ = {
			isa = PBXGroup;
			children = (
				3013D4052BACA3A8009E2EC0 /* Components */,
				30FE9B952BAA75010010FF65 /* Models */,
				3013D3EA2BABAE3A009E2EC0 /* Services */,
				30FE9B982BAA75280010FF65 /* Utilities */,
				3013D3D62BAA9861009E2EC0 /* Views */,
			);
			path = CodeEditShared;
			sourceTree = "<group>";
		};
		30FE9B952BAA75010010FF65 /* Models */ = {
			isa = PBXGroup;
			children = (
				300051772BC2C78600A98562 /* Documents */,
				30FE9B962BAA75190010FF65 /* RecentProject.swift */,
				300051782BC2CF7400A98562 /* TextModel.swift */,
			);
			path = Models;
			sourceTree = "<group>";
		};
		30FE9B982BAA75280010FF65 /* Utilities */ = {
			isa = PBXGroup;
			children = (
				3013D3FE2BAC7E5C009E2EC0 /* Extensions */,
				30B198012BE1149B001B81F1 /* Color */,
				30B197F92BE1127D001B81F1 /* KeyChain */,
				30B197F12BE0E791001B81F1 /* Protocols */,
				30B1980B2BE11566001B81F1 /* String */,
				30FE9B992BAA75330010FF65 /* ProjectManager.swift */,
				3013D3E82BAA9D7F009E2EC0 /* SceneID.swift */,
			);
			path = Utilities;
			sourceTree = "<group>";
		};
		30FE9B9C2BAA755C0010FF65 /* macOS */ = {
			isa = PBXGroup;
			children = (
				30FE9B9D2BAA75660010FF65 /* App */,
			);
			path = macOS;
			sourceTree = "<group>";
		};
		30FE9B9D2BAA75660010FF65 /* App */ = {
			isa = PBXGroup;
			children = (
			);
			path = App;
			sourceTree = "<group>";
		};
		30FE9BA22BAA75A70010FF65 /* iPadOS */ = {
			isa = PBXGroup;
			children = (
				30FE9BA32BAA75B20010FF65 /* App */,
			);
			path = iPadOS;
			sourceTree = "<group>";
		};
		30FE9BA32BAA75B20010FF65 /* App */ = {
			isa = PBXGroup;
			children = (
			);
			path = App;
			sourceTree = "<group>";
		};
/* End PBXGroup section */

/* Begin PBXNativeTarget section */
		30FE9B812BAA749F0010FF65 /* CodeEditV2 */ = {
			isa = PBXNativeTarget;
			buildConfigurationList = 30FE9B912BAA74A00010FF65 /* Build configuration list for PBXNativeTarget "CodeEditV2" */;
			buildPhases = (
				30FE9B7E2BAA749F0010FF65 /* Sources */,
				30FE9B7F2BAA749F0010FF65 /* Frameworks */,
				30FE9B802BAA749F0010FF65 /* Resources */,
			);
			buildRules = (
			);
			dependencies = (
			);
			name = CodeEditV2;
			packageProductDependencies = (
			);
			productName = CodeEditV2;
			productReference = 30FE9B822BAA749F0010FF65 /* CodeEditV2.app */;
			productType = "com.apple.product-type.application";
		};
/* End PBXNativeTarget section */

/* Begin PBXProject section */
		30FE9B7A2BAA749F0010FF65 /* Project object */ = {
			isa = PBXProject;
			attributes = {
				BuildIndependentTargetsInParallel = 1;
				LastSwiftUpdateCheck = 1530;
				LastUpgradeCheck = 1530;
				TargetAttributes = {
					30FE9B812BAA749F0010FF65 = {
						CreatedOnToolsVersion = 15.3;
					};
				};
			};
			buildConfigurationList = 30FE9B7D2BAA749F0010FF65 /* Build configuration list for PBXProject "CodeEditV2" */;
			compatibilityVersion = "Xcode 14.0";
			developmentRegion = en;
			hasScannedForEncodings = 0;
			knownRegions = (
				en,
				Base,
			);
			mainGroup = 30FE9B792BAA749F0010FF65;
			packageReferences = (
			);
			productRefGroup = 30FE9B832BAA749F0010FF65 /* Products */;
			projectDirPath = "";
			projectRoot = "";
			targets = (
				30FE9B812BAA749F0010FF65 /* CodeEditV2 */,
			);
		};
/* End PBXProject section */

/* Begin PBXResourcesBuildPhase section */
		30FE9B802BAA749F0010FF65 /* Resources */ = {
			isa = PBXResourcesBuildPhase;
			buildActionMask = 2147483647;
			files = (
				3013D4142BACF361009E2EC0 /* Beta.xcconfig in Resources */,
				3013D4132BACF361009E2EC0 /* Alpha.xcconfig in Resources */,
				30FE9B8E2BAA74A00010FF65 /* Preview Assets.xcassets in Resources */,
				3013D4152BACF361009E2EC0 /* Debug.xcconfig in Resources */,
				3013D4162BACF361009E2EC0 /* Pre.xcconfig in Resources */,
				3013D4172BACF361009E2EC0 /* Release.xcconfig in Resources */,
				30FE9B8A2BAA74A00010FF65 /* Assets.xcassets in Resources */,
			);
			runOnlyForDeploymentPostprocessing = 0;
		};
/* End PBXResourcesBuildPhase section */

/* Begin PBXSourcesBuildPhase section */
		30FE9B7E2BAA749F0010FF65 /* Sources */ = {
			isa = PBXSourcesBuildPhase;
			buildActionMask = 2147483647;
			files = (
				3013D4012BAC7E73009E2EC0 /* Bundle+Info.swift in Sources */,
				30B1980F2BE11566001B81F1 /* String+Ranges.swift in Sources */,
				308ADDAD2BDB9685003182A8 /* AcknowledgementRowView.swift in Sources */,
				308ADDA52BDB95E7003182A8 /* ContributorsView.swift in Sources */,
				3013D3EC2BABAE56009E2EC0 /* PasteboardService.swift in Sources */,
				30B197A62BE0E1CD001B81F1 /* AccountsSettingsDetailsView.swift in Sources */,
				30B197A22BE0E1CD001B81F1 /* AccountsSettings.swift in Sources */,
				30B198042BE11511001B81F1 /* PressActionsModifier.swift in Sources */,
				3013D3E42BAA9AFD009E2EC0 /* WelcomeActionView.swift in Sources */,
				30B198022BE1149B001B81F1 /* Color+HEX.swift in Sources */,
				30B197B72BE0E1CD001B81F1 /* ThemeSettingsColorPreview.swift in Sources */,
				30B197E52BE0E2F3001B81F1 /* View+ConstrainHeightToWindow.swift in Sources */,
				30B197AB2BE0E1CD001B81F1 /* TerminalSettings.swift in Sources */,
				30B197BF2BE0E1CD001B81F1 /* SearchSettingsModel.swift in Sources */,
				308ADD9C2BDB91C7003182A8 /* AboutView.swift in Sources */,
				308ADDA12BDB927E003182A8 /* PlatformService.swift in Sources */,
				30B197BD2BE0E1CD001B81F1 /* View+actionBar.swift in Sources */,
				30B197A52BE0E1CD001B81F1 /* AccountsSettingsAccountLink.swift in Sources */,
				3013D3F12BABB27E009E2EC0 /* NSPasteboardProvider.swift in Sources */,
				30B197B62BE0E1CD001B81F1 /* ThemeSettings.swift in Sources */,
				30B197AA2BE0E1CD001B81F1 /* CreateSSHKeyView.swift in Sources */,
				30B197E72BE0E2F3001B81F1 /* View+NavigationBarBackButtonVisible.swift in Sources */,
				30B197BA2BE0E1CD001B81F1 /* ThemeSettingThemeRow.swift in Sources */,
				30B197CF2BE0E2AC001B81F1 /* AppSettings.swift in Sources */,
				30B197B82BE0E1CD001B81F1 /* ThemeSettingsThemeDetails.swift in Sources */,
				30B197AC2BE0E1CD001B81F1 /* TerminalSettingsView.swift in Sources */,
				300051742BC2977800A98562 /* NSDocumentProvider.swift in Sources */,
				30B1980C2BE11566001B81F1 /* String+HighlightOccurrences.swift in Sources */,
				30B197BB2BE0E1CD001B81F1 /* GeneralSettings.swift in Sources */,
				30B197A72BE0E1CD001B81F1 /* AccountsSettingsProviderRow.swift in Sources */,
				30B197C42BE0E1CD001B81F1 /* NavigationSettings.swift in Sources */,
				30B197FB2BE1127D001B81F1 /* CodeEditKeychainConstants.swift in Sources */,
				30B197E22BE0E2F3001B81F1 /* SettingsColorPicker.swift in Sources */,
				30B197A92BE0E1CD001B81F1 /* AccountsSettingsView.swift in Sources */,
				30B197A82BE0E1CD001B81F1 /* AccountsSettingsSigninView.swift in Sources */,
				30B197D42BE0E2AC001B81F1 /* SettingsPage.swift in Sources */,
				30B197AF2BE0E1CD001B81F1 /* IgnoredFiles.swift in Sources */,
				3013D3EF2BABB16C009E2EC0 /* UIPasteboardProvider.swift in Sources */,
				3013D3E52BAA9AFD009E2EC0 /* RecentProjectItem.swift in Sources */,
				3013D3F62BABBE5E009E2EC0 /* ServiceContainer.swift in Sources */,
				3000517C2BC2CFA100A98562 /* TextModelService.swift in Sources */,
				30B197D52BE0E2AC001B81F1 /* SettingsSearchResult.swift in Sources */,
				30B197572BE0DFA2001B81F1 /* SoftwareUpdater.swift in Sources */,
				30B197D02BE0E2AC001B81F1 /* PageAndSettings.swift in Sources */,
				30B197BC2BE0E1CD001B81F1 /* GeneralSettingsView.swift in Sources */,
				30B197B02BE0E1CD001B81F1 /* SourceControlSettings.swift in Sources */,
				30B197A02BE0E1CD001B81F1 /* LocationsSettings.swift in Sources */,
				3013D3E22BAA9AFD009E2EC0 /* WelcomeScene.swift in Sources */,
				30B1980D2BE11566001B81F1 /* String+Lines.swift in Sources */,
				30B197FF2BE112B5001B81F1 /* Font+Caption3.swift in Sources */,
				30B197FC2BE1127D001B81F1 /* KeychainSwiftAccessOptions.swift in Sources */,
				3013D40C2BACB0A7009E2EC0 /* DocumentService.swift in Sources */,
				30B197542BE0DE50001B81F1 /* SettingsScene.swift in Sources */,
				30B198102BE11566001B81F1 /* String+RemoveOccurrences.swift in Sources */,
				30B197E62BE0E2F3001B81F1 /* View+HideSidebarToggle.swift in Sources */,
				3013D3E02BAA9AFD009E2EC0 /* RecentProjectsListView.swift in Sources */,
				308ADD9A2BDB91B7003182A8 /* AboutScene.swift in Sources */,
				308ADDB32BDB97EA003182A8 /* AcknowledgementsViewModel.swift in Sources */,
				30B197B42BE0E1CD001B81F1 /* Theme.swift in Sources */,
				30B1980E2BE11566001B81F1 /* String+MD5.swift in Sources */,
				30B197C12BE0E1CD001B81F1 /* SearchSettingsIgnoreGlobPatternItemView.swift in Sources */,
				30B197AE2BE0E1CD001B81F1 /* TextEditingSettingsView.swift in Sources */,
				308ADDB12BDB9729003182A8 /* ContributorRowView.swift in Sources */,
				30B1975A2BE0E013001B81F1 /* SettingsView.swift in Sources */,
				30B197B12BE0E1CD001B81F1 /* SourceControlGeneralView.swift in Sources */,
				30B197E12BE0E2F3001B81F1 /* MonospacedFontPicker.swift in Sources */,
				3013D4072BACA3B7009E2EC0 /* EffectView.swift in Sources */,
				30B197E42BE0E2F3001B81F1 /* SettingsPageView.swift in Sources */,
				30B197B52BE0E1CD001B81F1 /* ThemeModel.swift in Sources */,
				3013D3E32BAA9AFD009E2EC0 /* WelcomeWindowView.swift in Sources */,
				300051762BC2978300A98562 /* UIDocumentProvider.swift in Sources */,
				30B197E02BE0E2F3001B81F1 /* ExternalLink.swift in Sources */,
				30B197A12BE0E1CD001B81F1 /* LocationsSettingsView.swift in Sources */,
				30B197D22BE0E2AC001B81F1 /* SettingsData.swift in Sources */,
				30B197D12BE0E2AC001B81F1 /* Settings.swift in Sources */,
				308ADD8B2BC68F1E003182A8 /* UISceneProvider.swift in Sources */,
				308ADDA92BDB9624003182A8 /* AboutDetailView.swift in Sources */,
				30B197F42BE0E7B4001B81F1 /* Loopable.swift in Sources */,
				30D68AEA2BE1AC2100838FAA /* FileService.swift in Sources */,
				30B197B22BE0E1CD001B81F1 /* SourceControlGitView.swift in Sources */,
				30B197B92BE0E1CD001B81F1 /* ThemeSettingsView.swift in Sources */,
				30B197C32BE0E1CD001B81F1 /* KeybindingsSettings.swift in Sources */,
				3013D3FA2BABBF03009E2EC0 /* App.swift in Sources */,
				30B197D32BE0E2AC001B81F1 /* SettingsInjector.swift in Sources */,
				3013D3E92BAA9D7F009E2EC0 /* SceneID.swift in Sources */,
				30B197A32BE0E1CD001B81F1 /* SourceControlAccount.swift in Sources */,
				30FE9B9A2BAA75330010FF65 /* ProjectManager.swift in Sources */,
				30B197C22BE0E1CD001B81F1 /* SearchSettingsView.swift in Sources */,
				30FE9B972BAA75190010FF65 /* RecentProject.swift in Sources */,
				30B197FA2BE1127D001B81F1 /* CodeEditKeychain.swift in Sources */,
				30B197F52BE0E7B4001B81F1 /* SearchableSettingsPage.swift in Sources */,
				3013D4042BACA224009E2EC0 /* NSApp+openWindow.swift in Sources */,
				30B197D62BE0E2AC001B81F1 /* SettingsSidebarFix.swift in Sources */,
				3013D3F42BABBE3F009E2EC0 /* ServiceTypes.swift in Sources */,
				30B197F02BE0E755001B81F1 /* IconButtonStyle.swift in Sources */,
				308ADDAB2BDB9645003182A8 /* TrackableScrollView.swift in Sources */,
				30B197B32BE0E1CD001B81F1 /* SourceControlSettingsView.swift in Sources */,
				30B198112BE11566001B81F1 /* String+SHA256.swift in Sources */,
				30B197C02BE0E1CD001B81F1 /* IgnorePatternListItemView.swift in Sources */,
				308ADD9E2BDB91F7003182A8 /* AboutDefaultView.swift in Sources */,
				308ADD8D2BC68F8B003182A8 /* NSSceneProvider.swift in Sources */,
				30B197AD2BE0E1CD001B81F1 /* TextEditingSettings.swift in Sources */,
				308ADDA32BDB9492003182A8 /* AcknowledgementsView.swift in Sources */,
				30B197C52BE0E1CD001B81F1 /* NavigationSettingsView.swift in Sources */,
				308ADDA72BDB9608003182A8 /* Contributor.swift in Sources */,
				30B197BE2BE0E1CD001B81F1 /* SearchSettings.swift in Sources */,
				300051792BC2CF7400A98562 /* TextModel.swift in Sources */,
				30B197512BE07B4A001B81F1 /* BlurButtonStyle.swift in Sources */,
				30B197E32BE0E2F3001B81F1 /* SettingsForm.swift in Sources */,
				30B197A42BE0E1CD001B81F1 /* AccountSelectionView.swift in Sources */,
				3013D3F82BABBEAB009E2EC0 /* ServiceWrapper.swift in Sources */,
				3013D4092BACAA25009E2EC0 /* WelcomeView.swift in Sources */,
				308ADD892BC5B42F003182A8 /* SceneService.swift in Sources */,
				308ADDAF2BDB96D7003182A8 /* AcknowledgementDependency.swift in Sources */,
			);
			runOnlyForDeploymentPostprocessing = 0;
		};
/* End PBXSourcesBuildPhase section */

/* Begin XCBuildConfiguration section */
		30FE9B8F2BAA74A00010FF65 /* Debug */ = {
			isa = XCBuildConfiguration;
			buildSettings = {
				ALWAYS_SEARCH_USER_PATHS = NO;
				ASSETCATALOG_COMPILER_GENERATE_SWIFT_ASSET_SYMBOL_EXTENSIONS = YES;
				CLANG_ANALYZER_NONNULL = YES;
				CLANG_ANALYZER_NUMBER_OBJECT_CONVERSION = YES_AGGRESSIVE;
				CLANG_CXX_LANGUAGE_STANDARD = "gnu++20";
				CLANG_ENABLE_MODULES = YES;
				CLANG_ENABLE_OBJC_ARC = YES;
				CLANG_ENABLE_OBJC_WEAK = YES;
				CLANG_WARN_BLOCK_CAPTURE_AUTORELEASING = YES;
				CLANG_WARN_BOOL_CONVERSION = YES;
				CLANG_WARN_COMMA = YES;
				CLANG_WARN_CONSTANT_CONVERSION = YES;
				CLANG_WARN_DEPRECATED_OBJC_IMPLEMENTATIONS = YES;
				CLANG_WARN_DIRECT_OBJC_ISA_USAGE = YES_ERROR;
				CLANG_WARN_DOCUMENTATION_COMMENTS = YES;
				CLANG_WARN_EMPTY_BODY = YES;
				CLANG_WARN_ENUM_CONVERSION = YES;
				CLANG_WARN_INFINITE_RECURSION = YES;
				CLANG_WARN_INT_CONVERSION = YES;
				CLANG_WARN_NON_LITERAL_NULL_CONVERSION = YES;
				CLANG_WARN_OBJC_IMPLICIT_RETAIN_SELF = YES;
				CLANG_WARN_OBJC_LITERAL_CONVERSION = YES;
				CLANG_WARN_OBJC_ROOT_CLASS = YES_ERROR;
				CLANG_WARN_QUOTED_INCLUDE_IN_FRAMEWORK_HEADER = YES;
				CLANG_WARN_RANGE_LOOP_ANALYSIS = YES;
				CLANG_WARN_STRICT_PROTOTYPES = YES;
				CLANG_WARN_SUSPICIOUS_MOVE = YES;
				CLANG_WARN_UNGUARDED_AVAILABILITY = YES_AGGRESSIVE;
				CLANG_WARN_UNREACHABLE_CODE = YES;
				CLANG_WARN__DUPLICATE_METHOD_MATCH = YES;
				COPY_PHASE_STRIP = NO;
				DEBUG_INFORMATION_FORMAT = dwarf;
				ENABLE_STRICT_OBJC_MSGSEND = YES;
				ENABLE_TESTABILITY = YES;
				ENABLE_USER_SCRIPT_SANDBOXING = YES;
				GCC_C_LANGUAGE_STANDARD = gnu17;
				GCC_DYNAMIC_NO_PIC = NO;
				GCC_NO_COMMON_BLOCKS = YES;
				GCC_OPTIMIZATION_LEVEL = 0;
				GCC_PREPROCESSOR_DEFINITIONS = (
					"DEBUG=1",
					"$(inherited)",
				);
				GCC_WARN_64_TO_32_BIT_CONVERSION = YES;
				GCC_WARN_ABOUT_RETURN_TYPE = YES_ERROR;
				GCC_WARN_UNDECLARED_SELECTOR = YES;
				GCC_WARN_UNINITIALIZED_AUTOS = YES_AGGRESSIVE;
				GCC_WARN_UNUSED_FUNCTION = YES;
				GCC_WARN_UNUSED_VARIABLE = YES;
				INFOPLIST_KEY_LSSupportsOpeningDocumentsInPlace = YES;
				INFOPLIST_KEY_NSFileProviderPresenceUsageDescription = "";
				INFOPLIST_KEY_UIStatusBarStyle = UIStatusBarStyleDefault;
				INFOPLIST_KEY_UISupportsDocumentBrowser = YES;
				LOCALIZATION_PREFERS_STRING_CATALOGS = YES;
				MTL_ENABLE_DEBUG_INFO = INCLUDE_SOURCE;
				MTL_FAST_MATH = YES;
				ONLY_ACTIVE_ARCH = YES;
				SWIFT_ACTIVE_COMPILATION_CONDITIONS = "DEBUG $(inherited)";
				SWIFT_OPTIMIZATION_LEVEL = "-Onone";
			};
			name = Debug;
		};
		30FE9B902BAA74A00010FF65 /* Release */ = {
			isa = XCBuildConfiguration;
			buildSettings = {
				ALWAYS_SEARCH_USER_PATHS = NO;
				ASSETCATALOG_COMPILER_GENERATE_SWIFT_ASSET_SYMBOL_EXTENSIONS = YES;
				CLANG_ANALYZER_NONNULL = YES;
				CLANG_ANALYZER_NUMBER_OBJECT_CONVERSION = YES_AGGRESSIVE;
				CLANG_CXX_LANGUAGE_STANDARD = "gnu++20";
				CLANG_ENABLE_MODULES = YES;
				CLANG_ENABLE_OBJC_ARC = YES;
				CLANG_ENABLE_OBJC_WEAK = YES;
				CLANG_WARN_BLOCK_CAPTURE_AUTORELEASING = YES;
				CLANG_WARN_BOOL_CONVERSION = YES;
				CLANG_WARN_COMMA = YES;
				CLANG_WARN_CONSTANT_CONVERSION = YES;
				CLANG_WARN_DEPRECATED_OBJC_IMPLEMENTATIONS = YES;
				CLANG_WARN_DIRECT_OBJC_ISA_USAGE = YES_ERROR;
				CLANG_WARN_DOCUMENTATION_COMMENTS = YES;
				CLANG_WARN_EMPTY_BODY = YES;
				CLANG_WARN_ENUM_CONVERSION = YES;
				CLANG_WARN_INFINITE_RECURSION = YES;
				CLANG_WARN_INT_CONVERSION = YES;
				CLANG_WARN_NON_LITERAL_NULL_CONVERSION = YES;
				CLANG_WARN_OBJC_IMPLICIT_RETAIN_SELF = YES;
				CLANG_WARN_OBJC_LITERAL_CONVERSION = YES;
				CLANG_WARN_OBJC_ROOT_CLASS = YES_ERROR;
				CLANG_WARN_QUOTED_INCLUDE_IN_FRAMEWORK_HEADER = YES;
				CLANG_WARN_RANGE_LOOP_ANALYSIS = YES;
				CLANG_WARN_STRICT_PROTOTYPES = YES;
				CLANG_WARN_SUSPICIOUS_MOVE = YES;
				CLANG_WARN_UNGUARDED_AVAILABILITY = YES_AGGRESSIVE;
				CLANG_WARN_UNREACHABLE_CODE = YES;
				CLANG_WARN__DUPLICATE_METHOD_MATCH = YES;
				COPY_PHASE_STRIP = NO;
				DEBUG_INFORMATION_FORMAT = "dwarf-with-dsym";
				ENABLE_NS_ASSERTIONS = NO;
				ENABLE_STRICT_OBJC_MSGSEND = YES;
				ENABLE_USER_SCRIPT_SANDBOXING = YES;
				GCC_C_LANGUAGE_STANDARD = gnu17;
				GCC_NO_COMMON_BLOCKS = YES;
				GCC_WARN_64_TO_32_BIT_CONVERSION = YES;
				GCC_WARN_ABOUT_RETURN_TYPE = YES_ERROR;
				GCC_WARN_UNDECLARED_SELECTOR = YES;
				GCC_WARN_UNINITIALIZED_AUTOS = YES_AGGRESSIVE;
				GCC_WARN_UNUSED_FUNCTION = YES;
				GCC_WARN_UNUSED_VARIABLE = YES;
				INFOPLIST_KEY_LSSupportsOpeningDocumentsInPlace = YES;
				INFOPLIST_KEY_UIStatusBarStyle = UIStatusBarStyleDefault;
				INFOPLIST_KEY_UISupportsDocumentBrowser = YES;
				LOCALIZATION_PREFERS_STRING_CATALOGS = YES;
				MTL_ENABLE_DEBUG_INFO = NO;
				MTL_FAST_MATH = YES;
				SWIFT_COMPILATION_MODE = wholemodule;
			};
			name = Release;
		};
		30FE9B922BAA74A00010FF65 /* Debug */ = {
			isa = XCBuildConfiguration;
			buildSettings = {
				ASSETCATALOG_COMPILER_GLOBAL_ACCENT_COLOR_NAME = AccentColor;
				ASSETCATALOG_COMPILER_INCLUDE_ALL_APPICON_ASSETS = NO;
				CODE_SIGN_ENTITLEMENTS = CodeEditV2/CodeEditV2.entitlements;
				CODE_SIGN_STYLE = Automatic;
				CURRENT_PROJECT_VERSION = 1;
				DEVELOPMENT_ASSET_PATHS = "CodeEditV2/Preview\\ Content";
				DEVELOPMENT_TEAM = 2G85LYN9NT;
				ENABLE_HARDENED_RUNTIME = YES;
				ENABLE_PREVIEWS = YES;
				GENERATE_INFOPLIST_FILE = YES;
				"INFOPLIST_KEY_UIApplicationSceneManifest_Generation[sdk=iphoneos*]" = YES;
				"INFOPLIST_KEY_UIApplicationSceneManifest_Generation[sdk=iphonesimulator*]" = YES;
				"INFOPLIST_KEY_UIApplicationSupportsIndirectInputEvents[sdk=iphoneos*]" = YES;
				"INFOPLIST_KEY_UIApplicationSupportsIndirectInputEvents[sdk=iphonesimulator*]" = YES;
				"INFOPLIST_KEY_UILaunchScreen_Generation[sdk=iphoneos*]" = YES;
				"INFOPLIST_KEY_UILaunchScreen_Generation[sdk=iphonesimulator*]" = YES;
				"INFOPLIST_KEY_UIStatusBarStyle[sdk=iphoneos*]" = UIStatusBarStyleDefault;
				"INFOPLIST_KEY_UIStatusBarStyle[sdk=iphonesimulator*]" = UIStatusBarStyleDefault;
				INFOPLIST_KEY_UISupportedInterfaceOrientations_iPad = "UIInterfaceOrientationPortrait UIInterfaceOrientationPortraitUpsideDown UIInterfaceOrientationLandscapeLeft UIInterfaceOrientationLandscapeRight";
				INFOPLIST_KEY_UISupportedInterfaceOrientations_iPhone = "UIInterfaceOrientationPortrait UIInterfaceOrientationLandscapeLeft UIInterfaceOrientationLandscapeRight";
				IPHONEOS_DEPLOYMENT_TARGET = 17.0;
				LD_RUNPATH_SEARCH_PATHS = "@executable_path/Frameworks";
				"LD_RUNPATH_SEARCH_PATHS[sdk=macosx*]" = "@executable_path/../Frameworks";
				MACOSX_DEPLOYMENT_TARGET = 13.0;
				MARKETING_VERSION = 1.0;
				PRODUCT_BUNDLE_IDENTIFIER = com.abem.CodeEditV2;
				PRODUCT_NAME = "$(TARGET_NAME)";
				SDKROOT = auto;
				SUPPORTED_PLATFORMS = "iphoneos iphonesimulator macosx";
				SWIFT_EMIT_LOC_STRINGS = YES;
				SWIFT_VERSION = 5.0;
				TARGETED_DEVICE_FAMILY = "1,2";
			};
			name = Debug;
		};
		30FE9B932BAA74A00010FF65 /* Release */ = {
			isa = XCBuildConfiguration;
			buildSettings = {
				ASSETCATALOG_COMPILER_GLOBAL_ACCENT_COLOR_NAME = AccentColor;
				ASSETCATALOG_COMPILER_INCLUDE_ALL_APPICON_ASSETS = NO;
				CODE_SIGN_ENTITLEMENTS = CodeEditV2/CodeEditV2.entitlements;
				CODE_SIGN_STYLE = Automatic;
				CURRENT_PROJECT_VERSION = 1;
				DEVELOPMENT_ASSET_PATHS = "CodeEditV2/Preview\\ Content";
				DEVELOPMENT_TEAM = 2G85LYN9NT;
				ENABLE_HARDENED_RUNTIME = YES;
				ENABLE_PREVIEWS = YES;
				GENERATE_INFOPLIST_FILE = YES;
				"INFOPLIST_KEY_UIApplicationSceneManifest_Generation[sdk=iphoneos*]" = YES;
				"INFOPLIST_KEY_UIApplicationSceneManifest_Generation[sdk=iphonesimulator*]" = YES;
				"INFOPLIST_KEY_UIApplicationSupportsIndirectInputEvents[sdk=iphoneos*]" = YES;
				"INFOPLIST_KEY_UIApplicationSupportsIndirectInputEvents[sdk=iphonesimulator*]" = YES;
				"INFOPLIST_KEY_UILaunchScreen_Generation[sdk=iphoneos*]" = YES;
				"INFOPLIST_KEY_UILaunchScreen_Generation[sdk=iphonesimulator*]" = YES;
				"INFOPLIST_KEY_UIStatusBarStyle[sdk=iphoneos*]" = UIStatusBarStyleDefault;
				"INFOPLIST_KEY_UIStatusBarStyle[sdk=iphonesimulator*]" = UIStatusBarStyleDefault;
				INFOPLIST_KEY_UISupportedInterfaceOrientations_iPad = "UIInterfaceOrientationPortrait UIInterfaceOrientationPortraitUpsideDown UIInterfaceOrientationLandscapeLeft UIInterfaceOrientationLandscapeRight";
				INFOPLIST_KEY_UISupportedInterfaceOrientations_iPhone = "UIInterfaceOrientationPortrait UIInterfaceOrientationLandscapeLeft UIInterfaceOrientationLandscapeRight";
				IPHONEOS_DEPLOYMENT_TARGET = 17.0;
				LD_RUNPATH_SEARCH_PATHS = "@executable_path/Frameworks";
				"LD_RUNPATH_SEARCH_PATHS[sdk=macosx*]" = "@executable_path/../Frameworks";
				MACOSX_DEPLOYMENT_TARGET = 13.0;
				MARKETING_VERSION = 1.0;
				PRODUCT_BUNDLE_IDENTIFIER = com.abem.CodeEditV2;
				PRODUCT_NAME = "$(TARGET_NAME)";
				SDKROOT = auto;
				SUPPORTED_PLATFORMS = "iphoneos iphonesimulator macosx";
				SWIFT_EMIT_LOC_STRINGS = YES;
				SWIFT_VERSION = 5.0;
				TARGETED_DEVICE_FAMILY = "1,2";
			};
			name = Release;
		};
/* End XCBuildConfiguration section */

/* Begin XCConfigurationList section */
		30FE9B7D2BAA749F0010FF65 /* Build configuration list for PBXProject "CodeEditV2" */ = {
			isa = XCConfigurationList;
			buildConfigurations = (
				30FE9B8F2BAA74A00010FF65 /* Debug */,
				30FE9B902BAA74A00010FF65 /* Release */,
			);
			defaultConfigurationIsVisible = 0;
			defaultConfigurationName = Release;
		};
		30FE9B912BAA74A00010FF65 /* Build configuration list for PBXNativeTarget "CodeEditV2" */ = {
			isa = XCConfigurationList;
			buildConfigurations = (
				30FE9B922BAA74A00010FF65 /* Debug */,
				30FE9B932BAA74A00010FF65 /* Release */,
			);
			defaultConfigurationIsVisible = 0;
			defaultConfigurationName = Release;
		};
/* End XCConfigurationList section */
	};
	rootObject = 30FE9B7A2BAA749F0010FF65 /* Project object */;
}
