// !$*UTF8*$!
{
	archiveVersion = 1;
	classes = {
	};
	objectVersion = 56;
	objects = {

/* Begin PBXBuildFile section */
		300051742BC2977800A98562 /* NSDocumentProvider.swift in Sources */ = {isa = PBXBuildFile; fileRef = 300051732BC2977800A98562 /* NSDocumentProvider.swift */; };
		300051762BC2978300A98562 /* UIDocumentProvider.swift in Sources */ = {isa = PBXBuildFile; fileRef = 300051752BC2978300A98562 /* UIDocumentProvider.swift */; };
		300051792BC2CF7400A98562 /* TextModel.swift in Sources */ = {isa = PBXBuildFile; fileRef = 300051782BC2CF7400A98562 /* TextModel.swift */; };
		3000517C2BC2CFA100A98562 /* TextModelService.swift in Sources */ = {isa = PBXBuildFile; fileRef = 3000517B2BC2CFA100A98562 /* TextModelService.swift */; };
		3013D3E02BAA9AFD009E2EC0 /* RecentProjectsListView.swift in Sources */ = {isa = PBXBuildFile; fileRef = 3013D3DA2BAA9AFC009E2EC0 /* RecentProjectsListView.swift */; };
		3013D3E22BAA9AFD009E2EC0 /* WelcomeScene.swift in Sources */ = {isa = PBXBuildFile; fileRef = 3013D3DC2BAA9AFD009E2EC0 /* WelcomeScene.swift */; };
		3013D3E32BAA9AFD009E2EC0 /* WelcomeWindowView.swift in Sources */ = {isa = PBXBuildFile; fileRef = 3013D3DD2BAA9AFD009E2EC0 /* WelcomeWindowView.swift */; };
		3013D3E42BAA9AFD009E2EC0 /* WelcomeActionView.swift in Sources */ = {isa = PBXBuildFile; fileRef = 3013D3DE2BAA9AFD009E2EC0 /* WelcomeActionView.swift */; };
		3013D3E52BAA9AFD009E2EC0 /* RecentProjectItem.swift in Sources */ = {isa = PBXBuildFile; fileRef = 3013D3DF2BAA9AFD009E2EC0 /* RecentProjectItem.swift */; };
		3013D3E92BAA9D7F009E2EC0 /* SceneID.swift in Sources */ = {isa = PBXBuildFile; fileRef = 3013D3E82BAA9D7F009E2EC0 /* SceneID.swift */; };
		3013D3EC2BABAE56009E2EC0 /* PasteboardService.swift in Sources */ = {isa = PBXBuildFile; fileRef = 3013D3EB2BABAE56009E2EC0 /* PasteboardService.swift */; };
		3013D3EF2BABB16C009E2EC0 /* UIPasteboardProvider.swift in Sources */ = {isa = PBXBuildFile; fileRef = 3013D3EE2BABB16C009E2EC0 /* UIPasteboardProvider.swift */; };
		3013D3F12BABB27E009E2EC0 /* NSPasteboardProvider.swift in Sources */ = {isa = PBXBuildFile; fileRef = 3013D3F02BABB27E009E2EC0 /* NSPasteboardProvider.swift */; };
		3013D3F42BABBE3F009E2EC0 /* ServiceTypes.swift in Sources */ = {isa = PBXBuildFile; fileRef = 3013D3F32BABBE3F009E2EC0 /* ServiceTypes.swift */; };
		3013D3F62BABBE5E009E2EC0 /* ServiceContainer.swift in Sources */ = {isa = PBXBuildFile; fileRef = 3013D3F52BABBE5E009E2EC0 /* ServiceContainer.swift */; };
		3013D3F82BABBEAB009E2EC0 /* ServiceWrapper.swift in Sources */ = {isa = PBXBuildFile; fileRef = 3013D3F72BABBEAB009E2EC0 /* ServiceWrapper.swift */; };
		3013D3FA2BABBF03009E2EC0 /* App.swift in Sources */ = {isa = PBXBuildFile; fileRef = 3013D3F92BABBF03009E2EC0 /* App.swift */; };
		3013D4012BAC7E73009E2EC0 /* Bundle+Info.swift in Sources */ = {isa = PBXBuildFile; fileRef = 3013D4002BAC7E73009E2EC0 /* Bundle+Info.swift */; };
		3013D4042BACA224009E2EC0 /* NSApp+openWindow.swift in Sources */ = {isa = PBXBuildFile; fileRef = 3013D4032BACA224009E2EC0 /* NSApp+openWindow.swift */; };
		3013D4072BACA3B7009E2EC0 /* EffectView.swift in Sources */ = {isa = PBXBuildFile; fileRef = 3013D4062BACA3B7009E2EC0 /* EffectView.swift */; };
		3013D4092BACAA25009E2EC0 /* WelcomeView.swift in Sources */ = {isa = PBXBuildFile; fileRef = 3013D4082BACAA25009E2EC0 /* WelcomeView.swift */; };
		3013D40C2BACB0A7009E2EC0 /* DocumentService.swift in Sources */ = {isa = PBXBuildFile; fileRef = 3013D40B2BACB0A7009E2EC0 /* DocumentService.swift */; };
		3013D4132BACF361009E2EC0 /* Alpha.xcconfig in Resources */ = {isa = PBXBuildFile; fileRef = 3013D40D2BACF361009E2EC0 /* Alpha.xcconfig */; };
		3013D4142BACF361009E2EC0 /* Beta.xcconfig in Resources */ = {isa = PBXBuildFile; fileRef = 3013D40E2BACF361009E2EC0 /* Beta.xcconfig */; };
		3013D4152BACF361009E2EC0 /* Debug.xcconfig in Resources */ = {isa = PBXBuildFile; fileRef = 3013D40F2BACF361009E2EC0 /* Debug.xcconfig */; };
		3013D4162BACF361009E2EC0 /* Pre.xcconfig in Resources */ = {isa = PBXBuildFile; fileRef = 3013D4102BACF361009E2EC0 /* Pre.xcconfig */; };
		3013D4172BACF361009E2EC0 /* Release.xcconfig in Resources */ = {isa = PBXBuildFile; fileRef = 3013D4112BACF361009E2EC0 /* Release.xcconfig */; };
		30FE9B8A2BAA74A00010FF65 /* Assets.xcassets in Resources */ = {isa = PBXBuildFile; fileRef = 30FE9B892BAA74A00010FF65 /* Assets.xcassets */; };
		30FE9B8E2BAA74A00010FF65 /* Preview Assets.xcassets in Resources */ = {isa = PBXBuildFile; fileRef = 30FE9B8D2BAA74A00010FF65 /* Preview Assets.xcassets */; };
		30FE9B972BAA75190010FF65 /* RecentProject.swift in Sources */ = {isa = PBXBuildFile; fileRef = 30FE9B962BAA75190010FF65 /* RecentProject.swift */; };
		30FE9B9A2BAA75330010FF65 /* ProjectManager.swift in Sources */ = {isa = PBXBuildFile; fileRef = 30FE9B992BAA75330010FF65 /* ProjectManager.swift */; };
/* End PBXBuildFile section */

/* Begin PBXFileReference section */
		300051732BC2977800A98562 /* NSDocumentProvider.swift */ = {isa = PBXFileReference; lastKnownFileType = sourcecode.swift; path = NSDocumentProvider.swift; sourceTree = "<group>"; };
		300051752BC2978300A98562 /* UIDocumentProvider.swift */ = {isa = PBXFileReference; lastKnownFileType = sourcecode.swift; path = UIDocumentProvider.swift; sourceTree = "<group>"; };
		300051782BC2CF7400A98562 /* TextModel.swift */ = {isa = PBXFileReference; lastKnownFileType = sourcecode.swift; path = TextModel.swift; sourceTree = "<group>"; };
		3000517B2BC2CFA100A98562 /* TextModelService.swift */ = {isa = PBXFileReference; lastKnownFileType = sourcecode.swift; path = TextModelService.swift; sourceTree = "<group>"; };
		3013D3DA2BAA9AFC009E2EC0 /* RecentProjectsListView.swift */ = {isa = PBXFileReference; fileEncoding = 4; lastKnownFileType = sourcecode.swift; path = RecentProjectsListView.swift; sourceTree = "<group>"; };
		3013D3DC2BAA9AFD009E2EC0 /* WelcomeScene.swift */ = {isa = PBXFileReference; fileEncoding = 4; lastKnownFileType = sourcecode.swift; path = WelcomeScene.swift; sourceTree = "<group>"; };
		3013D3DD2BAA9AFD009E2EC0 /* WelcomeWindowView.swift */ = {isa = PBXFileReference; fileEncoding = 4; lastKnownFileType = sourcecode.swift; path = WelcomeWindowView.swift; sourceTree = "<group>"; };
		3013D3DE2BAA9AFD009E2EC0 /* WelcomeActionView.swift */ = {isa = PBXFileReference; fileEncoding = 4; lastKnownFileType = sourcecode.swift; path = WelcomeActionView.swift; sourceTree = "<group>"; };
		3013D3DF2BAA9AFD009E2EC0 /* RecentProjectItem.swift */ = {isa = PBXFileReference; fileEncoding = 4; lastKnownFileType = sourcecode.swift; path = RecentProjectItem.swift; sourceTree = "<group>"; };
		3013D3E82BAA9D7F009E2EC0 /* SceneID.swift */ = {isa = PBXFileReference; lastKnownFileType = sourcecode.swift; path = SceneID.swift; sourceTree = "<group>"; };
		3013D3EB2BABAE56009E2EC0 /* PasteboardService.swift */ = {isa = PBXFileReference; lastKnownFileType = sourcecode.swift; path = PasteboardService.swift; sourceTree = "<group>"; };
		3013D3EE2BABB16C009E2EC0 /* UIPasteboardProvider.swift */ = {isa = PBXFileReference; lastKnownFileType = sourcecode.swift; path = UIPasteboardProvider.swift; sourceTree = "<group>"; };
		3013D3F02BABB27E009E2EC0 /* NSPasteboardProvider.swift */ = {isa = PBXFileReference; lastKnownFileType = sourcecode.swift; path = NSPasteboardProvider.swift; sourceTree = "<group>"; };
		3013D3F32BABBE3F009E2EC0 /* ServiceTypes.swift */ = {isa = PBXFileReference; lastKnownFileType = sourcecode.swift; path = ServiceTypes.swift; sourceTree = "<group>"; };
		3013D3F52BABBE5E009E2EC0 /* ServiceContainer.swift */ = {isa = PBXFileReference; lastKnownFileType = sourcecode.swift; path = ServiceContainer.swift; sourceTree = "<group>"; };
		3013D3F72BABBEAB009E2EC0 /* ServiceWrapper.swift */ = {isa = PBXFileReference; lastKnownFileType = sourcecode.swift; path = ServiceWrapper.swift; sourceTree = "<group>"; };
		3013D3F92BABBF03009E2EC0 /* App.swift */ = {isa = PBXFileReference; lastKnownFileType = sourcecode.swift; path = App.swift; sourceTree = "<group>"; };
		3013D4002BAC7E73009E2EC0 /* Bundle+Info.swift */ = {isa = PBXFileReference; lastKnownFileType = sourcecode.swift; path = "Bundle+Info.swift"; sourceTree = "<group>"; };
		3013D4032BACA224009E2EC0 /* NSApp+openWindow.swift */ = {isa = PBXFileReference; lastKnownFileType = sourcecode.swift; path = "NSApp+openWindow.swift"; sourceTree = "<group>"; };
		3013D4062BACA3B7009E2EC0 /* EffectView.swift */ = {isa = PBXFileReference; lastKnownFileType = sourcecode.swift; path = EffectView.swift; sourceTree = "<group>"; };
		3013D4082BACAA25009E2EC0 /* WelcomeView.swift */ = {isa = PBXFileReference; lastKnownFileType = sourcecode.swift; path = WelcomeView.swift; sourceTree = "<group>"; };
		3013D40B2BACB0A7009E2EC0 /* DocumentService.swift */ = {isa = PBXFileReference; lastKnownFileType = sourcecode.swift; path = DocumentService.swift; sourceTree = "<group>"; };
		3013D40D2BACF361009E2EC0 /* Alpha.xcconfig */ = {isa = PBXFileReference; fileEncoding = 4; lastKnownFileType = text.xcconfig; path = Alpha.xcconfig; sourceTree = "<group>"; };
		3013D40E2BACF361009E2EC0 /* Beta.xcconfig */ = {isa = PBXFileReference; fileEncoding = 4; lastKnownFileType = text.xcconfig; path = Beta.xcconfig; sourceTree = "<group>"; };
		3013D40F2BACF361009E2EC0 /* Debug.xcconfig */ = {isa = PBXFileReference; fileEncoding = 4; lastKnownFileType = text.xcconfig; path = Debug.xcconfig; sourceTree = "<group>"; };
		3013D4102BACF361009E2EC0 /* Pre.xcconfig */ = {isa = PBXFileReference; fileEncoding = 4; lastKnownFileType = text.xcconfig; path = Pre.xcconfig; sourceTree = "<group>"; };
		3013D4112BACF361009E2EC0 /* Release.xcconfig */ = {isa = PBXFileReference; fileEncoding = 4; lastKnownFileType = text.xcconfig; path = Release.xcconfig; sourceTree = "<group>"; };
		30FE9B822BAA749F0010FF65 /* CodeEditV2.app */ = {isa = PBXFileReference; explicitFileType = wrapper.application; includeInIndex = 0; path = CodeEditV2.app; sourceTree = BUILT_PRODUCTS_DIR; };
		30FE9B892BAA74A00010FF65 /* Assets.xcassets */ = {isa = PBXFileReference; lastKnownFileType = folder.assetcatalog; path = Assets.xcassets; sourceTree = "<group>"; };
		30FE9B8B2BAA74A00010FF65 /* CodeEditV2.entitlements */ = {isa = PBXFileReference; lastKnownFileType = text.plist.entitlements; path = CodeEditV2.entitlements; sourceTree = "<group>"; };
		30FE9B8D2BAA74A00010FF65 /* Preview Assets.xcassets */ = {isa = PBXFileReference; lastKnownFileType = folder.assetcatalog; path = "Preview Assets.xcassets"; sourceTree = "<group>"; };
		30FE9B962BAA75190010FF65 /* RecentProject.swift */ = {isa = PBXFileReference; lastKnownFileType = sourcecode.swift; path = RecentProject.swift; sourceTree = "<group>"; };
		30FE9B992BAA75330010FF65 /* ProjectManager.swift */ = {isa = PBXFileReference; lastKnownFileType = sourcecode.swift; path = ProjectManager.swift; sourceTree = "<group>"; };
/* End PBXFileReference section */

/* Begin PBXFrameworksBuildPhase section */
		30FE9B7F2BAA749F0010FF65 /* Frameworks */ = {
			isa = PBXFrameworksBuildPhase;
			buildActionMask = 2147483647;
			files = (
			);
			runOnlyForDeploymentPostprocessing = 0;
		};
/* End PBXFrameworksBuildPhase section */

/* Begin PBXGroup section */
		300051772BC2C78600A98562 /* Documents */ = {
			isa = PBXGroup;
			children = (
			);
			path = Documents;
			sourceTree = "<group>";
		};
		3000517A2BC2CF8100A98562 /* TextModelService */ = {
			isa = PBXGroup;
			children = (
				3000517B2BC2CFA100A98562 /* TextModelService.swift */,
			);
			path = TextModelService;
			sourceTree = "<group>";
		};
		3013D3D52BAA8732009E2EC0 /* Web */ = {
			isa = PBXGroup;
			children = (
			);
			path = Web;
			sourceTree = "<group>";
		};
		3013D3D62BAA9861009E2EC0 /* Views */ = {
			isa = PBXGroup;
			children = (
				3013D3D72BAA9868009E2EC0 /* Welcome */,
			);
			path = Views;
			sourceTree = "<group>";
		};
		3013D3D72BAA9868009E2EC0 /* Welcome */ = {
			isa = PBXGroup;
			children = (
				3013D3E62BAA9C08009E2EC0 /* Components */,
				3013D3DC2BAA9AFD009E2EC0 /* WelcomeScene.swift */,
			);
			path = Welcome;
			sourceTree = "<group>";
		};
		3013D3E62BAA9C08009E2EC0 /* Components */ = {
			isa = PBXGroup;
			children = (
				3013D3DF2BAA9AFD009E2EC0 /* RecentProjectItem.swift */,
				3013D3DA2BAA9AFC009E2EC0 /* RecentProjectsListView.swift */,
				3013D3DE2BAA9AFD009E2EC0 /* WelcomeActionView.swift */,
				3013D4082BACAA25009E2EC0 /* WelcomeView.swift */,
				3013D3DD2BAA9AFD009E2EC0 /* WelcomeWindowView.swift */,
			);
			path = Components;
			sourceTree = "<group>";
		};
		3013D3EA2BABAE3A009E2EC0 /* Services */ = {
			isa = PBXGroup;
			children = (
				3000517A2BC2CF8100A98562 /* TextModelService */,
				3013D3F22BABBE2F009E2EC0 /* DependencyInjection */,
				3013D40A2BACB08E009E2EC0 /* DocumentService */,
				3013D3ED2BABB153009E2EC0 /* PasteboardService */,
			);
			path = Services;
			sourceTree = "<group>";
		};
		3013D3ED2BABB153009E2EC0 /* PasteboardService */ = {
			isa = PBXGroup;
			children = (
				3013D3EB2BABAE56009E2EC0 /* PasteboardService.swift */,
				3013D3F02BABB27E009E2EC0 /* NSPasteboardProvider.swift */,
				3013D3EE2BABB16C009E2EC0 /* UIPasteboardProvider.swift */,
			);
			path = PasteboardService;
			sourceTree = "<group>";
		};
		3013D3F22BABBE2F009E2EC0 /* DependencyInjection */ = {
			isa = PBXGroup;
			children = (
				3013D3F52BABBE5E009E2EC0 /* ServiceContainer.swift */,
				3013D3F32BABBE3F009E2EC0 /* ServiceTypes.swift */,
				3013D3F72BABBEAB009E2EC0 /* ServiceWrapper.swift */,
			);
			path = DependencyInjection;
			sourceTree = "<group>";
		};
		3013D3FE2BAC7E5C009E2EC0 /* Extensions */ = {
			isa = PBXGroup;
			children = (
				3013D4022BACA212009E2EC0 /* NSApplication */,
				3013D3FF2BAC7E64009E2EC0 /* Bundle */,
			);
			path = Extensions;
			sourceTree = "<group>";
		};
		3013D3FF2BAC7E64009E2EC0 /* Bundle */ = {
			isa = PBXGroup;
			children = (
				3013D4002BAC7E73009E2EC0 /* Bundle+Info.swift */,
			);
			path = Bundle;
			sourceTree = "<group>";
		};
		3013D4022BACA212009E2EC0 /* NSApplication */ = {
			isa = PBXGroup;
			children = (
				3013D4032BACA224009E2EC0 /* NSApp+openWindow.swift */,
			);
			path = NSApplication;
			sourceTree = "<group>";
		};
		3013D4052BACA3A8009E2EC0 /* Components */ = {
			isa = PBXGroup;
			children = (
				3013D4062BACA3B7009E2EC0 /* EffectView.swift */,
			);
			path = Components;
			sourceTree = "<group>";
		};
		3013D40A2BACB08E009E2EC0 /* DocumentService */ = {
			isa = PBXGroup;
			children = (
				3013D40B2BACB0A7009E2EC0 /* DocumentService.swift */,
				300051732BC2977800A98562 /* NSDocumentProvider.swift */,
				300051752BC2978300A98562 /* UIDocumentProvider.swift */,
			);
			path = DocumentService;
			sourceTree = "<group>";
		};
		3013D4122BACF361009E2EC0 /* Configs */ = {
			isa = PBXGroup;
			children = (
				3013D40D2BACF361009E2EC0 /* Alpha.xcconfig */,
				3013D40E2BACF361009E2EC0 /* Beta.xcconfig */,
				3013D40F2BACF361009E2EC0 /* Debug.xcconfig */,
				3013D4102BACF361009E2EC0 /* Pre.xcconfig */,
				3013D4112BACF361009E2EC0 /* Release.xcconfig */,
			);
			path = Configs;
			sourceTree = "<group>";
		};
		30FE9B792BAA749F0010FF65 = {
			isa = PBXGroup;
			children = (
				30FE9B842BAA749F0010FF65 /* CodeEditV2 */,
				30FE9B832BAA749F0010FF65 /* Products */,
			);
			sourceTree = "<group>";
		};
		30FE9B832BAA749F0010FF65 /* Products */ = {
			isa = PBXGroup;
			children = (
				30FE9B822BAA749F0010FF65 /* CodeEditV2.app */,
			);
			name = Products;
			sourceTree = "<group>";
		};
		30FE9B842BAA749F0010FF65 /* CodeEditV2 */ = {
			isa = PBXGroup;
			children = (
				30FE9B942BAA74FB0010FF65 /* CodeEditShared */,
				30FE9BA22BAA75A70010FF65 /* iPadOS */,
				30FE9B9C2BAA755C0010FF65 /* macOS */,
				3013D3D52BAA8732009E2EC0 /* Web */,
				3013D3F92BABBF03009E2EC0 /* App.swift */,
				30FE9B892BAA74A00010FF65 /* Assets.xcassets */,
				30FE9B8B2BAA74A00010FF65 /* CodeEditV2.entitlements */,
				3013D4122BACF361009E2EC0 /* Configs */,
				30FE9B8C2BAA74A00010FF65 /* Preview Content */,
			);
			path = CodeEditV2;
			sourceTree = "<group>";
		};
		30FE9B8C2BAA74A00010FF65 /* Preview Content */ = {
			isa = PBXGroup;
			children = (
				30FE9B8D2BAA74A00010FF65 /* Preview Assets.xcassets */,
			);
			path = "Preview Content";
			sourceTree = "<group>";
		};
		30FE9B942BAA74FB0010FF65 /* CodeEditShared */ = {
			isa = PBXGroup;
			children = (
				3013D4052BACA3A8009E2EC0 /* Components */,
				30FE9B952BAA75010010FF65 /* Models */,
				3013D3EA2BABAE3A009E2EC0 /* Services */,
				30FE9B982BAA75280010FF65 /* Utilities */,
				3013D3D62BAA9861009E2EC0 /* Views */,
			);
			path = CodeEditShared;
			sourceTree = "<group>";
		};
		30FE9B952BAA75010010FF65 /* Models */ = {
			isa = PBXGroup;
			children = (
				300051772BC2C78600A98562 /* Documents */,
				30FE9B962BAA75190010FF65 /* RecentProject.swift */,
				300051782BC2CF7400A98562 /* TextModel.swift */,
			);
			path = Models;
			sourceTree = "<group>";
		};
		30FE9B982BAA75280010FF65 /* Utilities */ = {
			isa = PBXGroup;
			children = (
				3013D3FE2BAC7E5C009E2EC0 /* Extensions */,
				30FE9B992BAA75330010FF65 /* ProjectManager.swift */,
				3013D3E82BAA9D7F009E2EC0 /* SceneID.swift */,
			);
			path = Utilities;
			sourceTree = "<group>";
		};
		30FE9B9C2BAA755C0010FF65 /* macOS */ = {
			isa = PBXGroup;
			children = (
				30FE9B9D2BAA75660010FF65 /* App */,
			);
			path = macOS;
			sourceTree = "<group>";
		};
		30FE9B9D2BAA75660010FF65 /* App */ = {
			isa = PBXGroup;
			children = (
			);
			path = App;
			sourceTree = "<group>";
		};
		30FE9BA22BAA75A70010FF65 /* iPadOS */ = {
			isa = PBXGroup;
			children = (
				30FE9BA32BAA75B20010FF65 /* App */,
			);
			path = iPadOS;
			sourceTree = "<group>";
		};
		30FE9BA32BAA75B20010FF65 /* App */ = {
			isa = PBXGroup;
			children = (
			);
			path = App;
			sourceTree = "<group>";
		};
/* End PBXGroup section */

/* Begin PBXNativeTarget section */
		30FE9B812BAA749F0010FF65 /* CodeEditV2 */ = {
			isa = PBXNativeTarget;
			buildConfigurationList = 30FE9B912BAA74A00010FF65 /* Build configuration list for PBXNativeTarget "CodeEditV2" */;
			buildPhases = (
				30FE9B7E2BAA749F0010FF65 /* Sources */,
				30FE9B7F2BAA749F0010FF65 /* Frameworks */,
				30FE9B802BAA749F0010FF65 /* Resources */,
			);
			buildRules = (
			);
			dependencies = (
			);
			name = CodeEditV2;
			productName = CodeEditV2;
			productReference = 30FE9B822BAA749F0010FF65 /* CodeEditV2.app */;
			productType = "com.apple.product-type.application";
		};
/* End PBXNativeTarget section */

/* Begin PBXProject section */
		30FE9B7A2BAA749F0010FF65 /* Project object */ = {
			isa = PBXProject;
			attributes = {
				BuildIndependentTargetsInParallel = 1;
				LastSwiftUpdateCheck = 1530;
				LastUpgradeCheck = 1530;
				TargetAttributes = {
					30FE9B812BAA749F0010FF65 = {
						CreatedOnToolsVersion = 15.3;
					};
				};
			};
			buildConfigurationList = 30FE9B7D2BAA749F0010FF65 /* Build configuration list for PBXProject "CodeEditV2" */;
			compatibilityVersion = "Xcode 14.0";
			developmentRegion = en;
			hasScannedForEncodings = 0;
			knownRegions = (
				en,
				Base,
			);
			mainGroup = 30FE9B792BAA749F0010FF65;
			packageReferences = (
			);
			productRefGroup = 30FE9B832BAA749F0010FF65 /* Products */;
			projectDirPath = "";
			projectRoot = "";
			targets = (
				30FE9B812BAA749F0010FF65 /* CodeEditV2 */,
			);
		};
/* End PBXProject section */

/* Begin PBXResourcesBuildPhase section */
		30FE9B802BAA749F0010FF65 /* Resources */ = {
			isa = PBXResourcesBuildPhase;
			buildActionMask = 2147483647;
			files = (
				3013D4142BACF361009E2EC0 /* Beta.xcconfig in Resources */,
				3013D4132BACF361009E2EC0 /* Alpha.xcconfig in Resources */,
				30FE9B8E2BAA74A00010FF65 /* Preview Assets.xcassets in Resources */,
				3013D4152BACF361009E2EC0 /* Debug.xcconfig in Resources */,
				3013D4162BACF361009E2EC0 /* Pre.xcconfig in Resources */,
				3013D4172BACF361009E2EC0 /* Release.xcconfig in Resources */,
				30FE9B8A2BAA74A00010FF65 /* Assets.xcassets in Resources */,
			);
			runOnlyForDeploymentPostprocessing = 0;
		};
/* End PBXResourcesBuildPhase section */

/* Begin PBXSourcesBuildPhase section */
		30FE9B7E2BAA749F0010FF65 /* Sources */ = {
			isa = PBXSourcesBuildPhase;
			buildActionMask = 2147483647;
			files = (
				3013D4012BAC7E73009E2EC0 /* Bundle+Info.swift in Sources */,
				3013D3EC2BABAE56009E2EC0 /* PasteboardService.swift in Sources */,
				3013D3E42BAA9AFD009E2EC0 /* WelcomeActionView.swift in Sources */,
				3013D3F12BABB27E009E2EC0 /* NSPasteboardProvider.swift in Sources */,
				300051742BC2977800A98562 /* NSDocumentProvider.swift in Sources */,
				3013D3EF2BABB16C009E2EC0 /* UIPasteboardProvider.swift in Sources */,
				3013D3E52BAA9AFD009E2EC0 /* RecentProjectItem.swift in Sources */,
				3013D3F62BABBE5E009E2EC0 /* ServiceContainer.swift in Sources */,
				3000517C2BC2CFA100A98562 /* TextModelService.swift in Sources */,
				3013D3E22BAA9AFD009E2EC0 /* WelcomeScene.swift in Sources */,
				3013D40C2BACB0A7009E2EC0 /* DocumentService.swift in Sources */,
				3013D3E02BAA9AFD009E2EC0 /* RecentProjectsListView.swift in Sources */,
				3013D4072BACA3B7009E2EC0 /* EffectView.swift in Sources */,
				3013D3E32BAA9AFD009E2EC0 /* WelcomeWindowView.swift in Sources */,
				300051762BC2978300A98562 /* UIDocumentProvider.swift in Sources */,
				3013D3FA2BABBF03009E2EC0 /* App.swift in Sources */,
				3013D3E92BAA9D7F009E2EC0 /* SceneID.swift in Sources */,
				30FE9B9A2BAA75330010FF65 /* ProjectManager.swift in Sources */,
				30FE9B972BAA75190010FF65 /* RecentProject.swift in Sources */,
				3013D4042BACA224009E2EC0 /* NSApp+openWindow.swift in Sources */,
				3013D3F42BABBE3F009E2EC0 /* ServiceTypes.swift in Sources */,
				300051792BC2CF7400A98562 /* TextModel.swift in Sources */,
				3013D3F82BABBEAB009E2EC0 /* ServiceWrapper.swift in Sources */,
				3013D4092BACAA25009E2EC0 /* WelcomeView.swift in Sources */,
			);
			runOnlyForDeploymentPostprocessing = 0;
		};
/* End PBXSourcesBuildPhase section */

/* Begin XCBuildConfiguration section */
		30FE9B8F2BAA74A00010FF65 /* Debug */ = {
			isa = XCBuildConfiguration;
			buildSettings = {
				ALWAYS_SEARCH_USER_PATHS = NO;
				ASSETCATALOG_COMPILER_GENERATE_SWIFT_ASSET_SYMBOL_EXTENSIONS = YES;
				CLANG_ANALYZER_NONNULL = YES;
				CLANG_ANALYZER_NUMBER_OBJECT_CONVERSION = YES_AGGRESSIVE;
				CLANG_CXX_LANGUAGE_STANDARD = "gnu++20";
				CLANG_ENABLE_MODULES = YES;
				CLANG_ENABLE_OBJC_ARC = YES;
				CLANG_ENABLE_OBJC_WEAK = YES;
				CLANG_WARN_BLOCK_CAPTURE_AUTORELEASING = YES;
				CLANG_WARN_BOOL_CONVERSION = YES;
				CLANG_WARN_COMMA = YES;
				CLANG_WARN_CONSTANT_CONVERSION = YES;
				CLANG_WARN_DEPRECATED_OBJC_IMPLEMENTATIONS = YES;
				CLANG_WARN_DIRECT_OBJC_ISA_USAGE = YES_ERROR;
				CLANG_WARN_DOCUMENTATION_COMMENTS = YES;
				CLANG_WARN_EMPTY_BODY = YES;
				CLANG_WARN_ENUM_CONVERSION = YES;
				CLANG_WARN_INFINITE_RECURSION = YES;
				CLANG_WARN_INT_CONVERSION = YES;
				CLANG_WARN_NON_LITERAL_NULL_CONVERSION = YES;
				CLANG_WARN_OBJC_IMPLICIT_RETAIN_SELF = YES;
				CLANG_WARN_OBJC_LITERAL_CONVERSION = YES;
				CLANG_WARN_OBJC_ROOT_CLASS = YES_ERROR;
				CLANG_WARN_QUOTED_INCLUDE_IN_FRAMEWORK_HEADER = YES;
				CLANG_WARN_RANGE_LOOP_ANALYSIS = YES;
				CLANG_WARN_STRICT_PROTOTYPES = YES;
				CLANG_WARN_SUSPICIOUS_MOVE = YES;
				CLANG_WARN_UNGUARDED_AVAILABILITY = YES_AGGRESSIVE;
				CLANG_WARN_UNREACHABLE_CODE = YES;
				CLANG_WARN__DUPLICATE_METHOD_MATCH = YES;
				COPY_PHASE_STRIP = NO;
				DEBUG_INFORMATION_FORMAT = dwarf;
				ENABLE_STRICT_OBJC_MSGSEND = YES;
				ENABLE_TESTABILITY = YES;
				ENABLE_USER_SCRIPT_SANDBOXING = YES;
				GCC_C_LANGUAGE_STANDARD = gnu17;
				GCC_DYNAMIC_NO_PIC = NO;
				GCC_NO_COMMON_BLOCKS = YES;
				GCC_OPTIMIZATION_LEVEL = 0;
				GCC_PREPROCESSOR_DEFINITIONS = (
					"DEBUG=1",
					"$(inherited)",
				);
				GCC_WARN_64_TO_32_BIT_CONVERSION = YES;
				GCC_WARN_ABOUT_RETURN_TYPE = YES_ERROR;
				GCC_WARN_UNDECLARED_SELECTOR = YES;
				GCC_WARN_UNINITIALIZED_AUTOS = YES_AGGRESSIVE;
				GCC_WARN_UNUSED_FUNCTION = YES;
				GCC_WARN_UNUSED_VARIABLE = YES;
				INFOPLIST_KEY_LSSupportsOpeningDocumentsInPlace = YES;
				INFOPLIST_KEY_NSFileProviderPresenceUsageDescription = "";
				INFOPLIST_KEY_UIStatusBarStyle = UIStatusBarStyleDefault;
				INFOPLIST_KEY_UISupportsDocumentBrowser = YES;
				LOCALIZATION_PREFERS_STRING_CATALOGS = YES;
				MTL_ENABLE_DEBUG_INFO = INCLUDE_SOURCE;
				MTL_FAST_MATH = YES;
				ONLY_ACTIVE_ARCH = YES;
				SWIFT_ACTIVE_COMPILATION_CONDITIONS = "DEBUG $(inherited)";
				SWIFT_OPTIMIZATION_LEVEL = "-Onone";
			};
			name = Debug;
		};
		30FE9B902BAA74A00010FF65 /* Release */ = {
			isa = XCBuildConfiguration;
			buildSettings = {
				ALWAYS_SEARCH_USER_PATHS = NO;
				ASSETCATALOG_COMPILER_GENERATE_SWIFT_ASSET_SYMBOL_EXTENSIONS = YES;
				CLANG_ANALYZER_NONNULL = YES;
				CLANG_ANALYZER_NUMBER_OBJECT_CONVERSION = YES_AGGRESSIVE;
				CLANG_CXX_LANGUAGE_STANDARD = "gnu++20";
				CLANG_ENABLE_MODULES = YES;
				CLANG_ENABLE_OBJC_ARC = YES;
				CLANG_ENABLE_OBJC_WEAK = YES;
				CLANG_WARN_BLOCK_CAPTURE_AUTORELEASING = YES;
				CLANG_WARN_BOOL_CONVERSION = YES;
				CLANG_WARN_COMMA = YES;
				CLANG_WARN_CONSTANT_CONVERSION = YES;
				CLANG_WARN_DEPRECATED_OBJC_IMPLEMENTATIONS = YES;
				CLANG_WARN_DIRECT_OBJC_ISA_USAGE = YES_ERROR;
				CLANG_WARN_DOCUMENTATION_COMMENTS = YES;
				CLANG_WARN_EMPTY_BODY = YES;
				CLANG_WARN_ENUM_CONVERSION = YES;
				CLANG_WARN_INFINITE_RECURSION = YES;
				CLANG_WARN_INT_CONVERSION = YES;
				CLANG_WARN_NON_LITERAL_NULL_CONVERSION = YES;
				CLANG_WARN_OBJC_IMPLICIT_RETAIN_SELF = YES;
				CLANG_WARN_OBJC_LITERAL_CONVERSION = YES;
				CLANG_WARN_OBJC_ROOT_CLASS = YES_ERROR;
				CLANG_WARN_QUOTED_INCLUDE_IN_FRAMEWORK_HEADER = YES;
				CLANG_WARN_RANGE_LOOP_ANALYSIS = YES;
				CLANG_WARN_STRICT_PROTOTYPES = YES;
				CLANG_WARN_SUSPICIOUS_MOVE = YES;
				CLANG_WARN_UNGUARDED_AVAILABILITY = YES_AGGRESSIVE;
				CLANG_WARN_UNREACHABLE_CODE = YES;
				CLANG_WARN__DUPLICATE_METHOD_MATCH = YES;
				COPY_PHASE_STRIP = NO;
				DEBUG_INFORMATION_FORMAT = "dwarf-with-dsym";
				ENABLE_NS_ASSERTIONS = NO;
				ENABLE_STRICT_OBJC_MSGSEND = YES;
				ENABLE_USER_SCRIPT_SANDBOXING = YES;
				GCC_C_LANGUAGE_STANDARD = gnu17;
				GCC_NO_COMMON_BLOCKS = YES;
				GCC_WARN_64_TO_32_BIT_CONVERSION = YES;
				GCC_WARN_ABOUT_RETURN_TYPE = YES_ERROR;
				GCC_WARN_UNDECLARED_SELECTOR = YES;
				GCC_WARN_UNINITIALIZED_AUTOS = YES_AGGRESSIVE;
				GCC_WARN_UNUSED_FUNCTION = YES;
				GCC_WARN_UNUSED_VARIABLE = YES;
				INFOPLIST_KEY_LSSupportsOpeningDocumentsInPlace = YES;
				INFOPLIST_KEY_UIStatusBarStyle = UIStatusBarStyleDefault;
				INFOPLIST_KEY_UISupportsDocumentBrowser = YES;
				LOCALIZATION_PREFERS_STRING_CATALOGS = YES;
				MTL_ENABLE_DEBUG_INFO = NO;
				MTL_FAST_MATH = YES;
				SWIFT_COMPILATION_MODE = wholemodule;
			};
			name = Release;
		};
		30FE9B922BAA74A00010FF65 /* Debug */ = {
			isa = XCBuildConfiguration;
			buildSettings = {
				ASSETCATALOG_COMPILER_GLOBAL_ACCENT_COLOR_NAME = AccentColor;
				ASSETCATALOG_COMPILER_INCLUDE_ALL_APPICON_ASSETS = NO;
				CODE_SIGN_ENTITLEMENTS = CodeEditV2/CodeEditV2.entitlements;
				CODE_SIGN_STYLE = Automatic;
				CURRENT_PROJECT_VERSION = 1;
				DEVELOPMENT_ASSET_PATHS = "CodeEditV2/Preview\\ Content";
				DEVELOPMENT_TEAM = 2G85LYN9NT;
				ENABLE_HARDENED_RUNTIME = YES;
				ENABLE_PREVIEWS = YES;
				GENERATE_INFOPLIST_FILE = YES;
				"INFOPLIST_KEY_UIApplicationSceneManifest_Generation[sdk=iphoneos*]" = YES;
				"INFOPLIST_KEY_UIApplicationSceneManifest_Generation[sdk=iphonesimulator*]" = YES;
				"INFOPLIST_KEY_UIApplicationSupportsIndirectInputEvents[sdk=iphoneos*]" = YES;
				"INFOPLIST_KEY_UIApplicationSupportsIndirectInputEvents[sdk=iphonesimulator*]" = YES;
				"INFOPLIST_KEY_UILaunchScreen_Generation[sdk=iphoneos*]" = YES;
				"INFOPLIST_KEY_UILaunchScreen_Generation[sdk=iphonesimulator*]" = YES;
				"INFOPLIST_KEY_UIStatusBarStyle[sdk=iphoneos*]" = UIStatusBarStyleDefault;
				"INFOPLIST_KEY_UIStatusBarStyle[sdk=iphonesimulator*]" = UIStatusBarStyleDefault;
				INFOPLIST_KEY_UISupportedInterfaceOrientations_iPad = "UIInterfaceOrientationPortrait UIInterfaceOrientationPortraitUpsideDown UIInterfaceOrientationLandscapeLeft UIInterfaceOrientationLandscapeRight";
				INFOPLIST_KEY_UISupportedInterfaceOrientations_iPhone = "UIInterfaceOrientationPortrait UIInterfaceOrientationLandscapeLeft UIInterfaceOrientationLandscapeRight";
				IPHONEOS_DEPLOYMENT_TARGET = 17.0;
				LD_RUNPATH_SEARCH_PATHS = "@executable_path/Frameworks";
				"LD_RUNPATH_SEARCH_PATHS[sdk=macosx*]" = "@executable_path/../Frameworks";
				MACOSX_DEPLOYMENT_TARGET = 13.0;
				MARKETING_VERSION = 1.0;
				PRODUCT_BUNDLE_IDENTIFIER = com.abem.CodeEditV2;
				PRODUCT_NAME = "$(TARGET_NAME)";
				SDKROOT = auto;
				SUPPORTED_PLATFORMS = "iphoneos iphonesimulator macosx";
				SWIFT_EMIT_LOC_STRINGS = YES;
				SWIFT_VERSION = 5.0;
				TARGETED_DEVICE_FAMILY = "1,2";
			};
			name = Debug;
		};
		30FE9B932BAA74A00010FF65 /* Release */ = {
			isa = XCBuildConfiguration;
			buildSettings = {
				ASSETCATALOG_COMPILER_GLOBAL_ACCENT_COLOR_NAME = AccentColor;
				ASSETCATALOG_COMPILER_INCLUDE_ALL_APPICON_ASSETS = NO;
				CODE_SIGN_ENTITLEMENTS = CodeEditV2/CodeEditV2.entitlements;
				CODE_SIGN_STYLE = Automatic;
				CURRENT_PROJECT_VERSION = 1;
				DEVELOPMENT_ASSET_PATHS = "CodeEditV2/Preview\\ Content";
				DEVELOPMENT_TEAM = 2G85LYN9NT;
				ENABLE_HARDENED_RUNTIME = YES;
				ENABLE_PREVIEWS = YES;
				GENERATE_INFOPLIST_FILE = YES;
				"INFOPLIST_KEY_UIApplicationSceneManifest_Generation[sdk=iphoneos*]" = YES;
				"INFOPLIST_KEY_UIApplicationSceneManifest_Generation[sdk=iphonesimulator*]" = YES;
				"INFOPLIST_KEY_UIApplicationSupportsIndirectInputEvents[sdk=iphoneos*]" = YES;
				"INFOPLIST_KEY_UIApplicationSupportsIndirectInputEvents[sdk=iphonesimulator*]" = YES;
				"INFOPLIST_KEY_UILaunchScreen_Generation[sdk=iphoneos*]" = YES;
				"INFOPLIST_KEY_UILaunchScreen_Generation[sdk=iphonesimulator*]" = YES;
				"INFOPLIST_KEY_UIStatusBarStyle[sdk=iphoneos*]" = UIStatusBarStyleDefault;
				"INFOPLIST_KEY_UIStatusBarStyle[sdk=iphonesimulator*]" = UIStatusBarStyleDefault;
				INFOPLIST_KEY_UISupportedInterfaceOrientations_iPad = "UIInterfaceOrientationPortrait UIInterfaceOrientationPortraitUpsideDown UIInterfaceOrientationLandscapeLeft UIInterfaceOrientationLandscapeRight";
				INFOPLIST_KEY_UISupportedInterfaceOrientations_iPhone = "UIInterfaceOrientationPortrait UIInterfaceOrientationLandscapeLeft UIInterfaceOrientationLandscapeRight";
				IPHONEOS_DEPLOYMENT_TARGET = 17.0;
				LD_RUNPATH_SEARCH_PATHS = "@executable_path/Frameworks";
				"LD_RUNPATH_SEARCH_PATHS[sdk=macosx*]" = "@executable_path/../Frameworks";
				MACOSX_DEPLOYMENT_TARGET = 13.0;
				MARKETING_VERSION = 1.0;
				PRODUCT_BUNDLE_IDENTIFIER = com.abem.CodeEditV2;
				PRODUCT_NAME = "$(TARGET_NAME)";
				SDKROOT = auto;
				SUPPORTED_PLATFORMS = "iphoneos iphonesimulator macosx";
				SWIFT_EMIT_LOC_STRINGS = YES;
				SWIFT_VERSION = 5.0;
				TARGETED_DEVICE_FAMILY = "1,2";
			};
			name = Release;
		};
/* End XCBuildConfiguration section */

/* Begin XCConfigurationList section */
		30FE9B7D2BAA749F0010FF65 /* Build configuration list for PBXProject "CodeEditV2" */ = {
			isa = XCConfigurationList;
			buildConfigurations = (
				30FE9B8F2BAA74A00010FF65 /* Debug */,
				30FE9B902BAA74A00010FF65 /* Release */,
			);
			defaultConfigurationIsVisible = 0;
			defaultConfigurationName = Release;
		};
		30FE9B912BAA74A00010FF65 /* Build configuration list for PBXNativeTarget "CodeEditV2" */ = {
			isa = XCConfigurationList;
			buildConfigurations = (
				30FE9B922BAA74A00010FF65 /* Debug */,
				30FE9B932BAA74A00010FF65 /* Release */,
			);
			defaultConfigurationIsVisible = 0;
			defaultConfigurationName = Release;
		};
/* End XCConfigurationList section */
	};
	rootObject = 30FE9B7A2BAA749F0010FF65 /* Project object */;
}
